{
  "object": {
    "pins": [
      {
        "package": "ASCollectionView",
        "repositoryURL": "https://github.com/apptekstudios/ASCollectionView.git",
        "state": {
          "branch": null,
          "revision": "4550cd5b5cfc3f437f8ff838939c6be21edfe992",
          "version": "1.7.1"
        }
      },
      {
        "package": "DifferenceKit",
        "repositoryURL": "https://github.com/ra1028/DifferenceKit",
        "state": {
          "branch": null,
          "revision": "14c66681e12a38b81045f44c6c29724a0d4b0e72",
          "version": "1.1.5"
        }
      },
      {
        "package": "iTextField",
        "repositoryURL": "https://github.com/benjaminsage/iTextField.git",
        "state": {
          "branch": null,
          "revision": "4446d5e741429645ee47c408d7d43da9cb5423cb",
          "version": "0.0.5"
        }
      },
      {
        "package": "SwiftKeychainWrapper",
        "repositoryURL": "https://github.com/jrendel/SwiftKeychainWrapper.git",
        "state": {
          "branch": null,
          "revision": "185a3165346a03767101c4f62e9a545a0fe0530f",
          "version": "4.0.1"
        }
      },
      {
        "package": "TextView",
        "repositoryURL": "https://github.com/kenmueller/TextView",
        "state": {
          "branch": null,
          "revision": "e9bf78313788c0bc0bc57a08edc8fa5c85a31a79",
          "version": "1.4.8"
        }
      }
    ]
  },
  "version": 1
}
