// !$*UTF8*$!
{
	archiveVersion = 1;
	classes = {
	};
	objectVersion = 52;
	objects = {

/* Begin PBXBuildFile section */
		2407A7AF259E6FAC00B20C39 /* Social_SettingApp.swift in Sources */ = {isa = PBXBuildFile; fileRef = 2407A7AE259E6FAC00B20C39 /* Social_SettingApp.swift */; };
		2407A7B1259E6FAC00B20C39 /* ContentView.swift in Sources */ = {isa = PBXBuildFile; fileRef = 2407A7B0259E6FAC00B20C39 /* ContentView.swift */; };
		2407A7B3259E6FAD00B20C39 /* Assets.xcassets in Resources */ = {isa = PBXBuildFile; fileRef = 2407A7B2259E6FAD00B20C39 /* Assets.xcassets */; };
		2407A7B6259E6FAD00B20C39 /* Preview Assets.xcassets in Resources */ = {isa = PBXBuildFile; fileRef = 2407A7B5259E6FAD00B20C39 /* Preview Assets.xcassets */; };
		2407A7B8259E6FAD00B20C39 /* Persistence.swift in Sources */ = {isa = PBXBuildFile; fileRef = 2407A7B7259E6FAD00B20C39 /* Persistence.swift */; };
		2407A7BB259E6FAD00B20C39 /* Social_Setting.xcdatamodeld in Sources */ = {isa = PBXBuildFile; fileRef = 2407A7B9259E6FAD00B20C39 /* Social_Setting.xcdatamodeld */; };
		2407A7C5259E703300B20C39 /* SignInView.swift in Sources */ = {isa = PBXBuildFile; fileRef = 2407A7C4259E703300B20C39 /* SignInView.swift */; };
		2407A7CD259E729000B20C39 /* Color+Theme.swift in Sources */ = {isa = PBXBuildFile; fileRef = 2407A7CC259E729000B20C39 /* Color+Theme.swift */; };
		2407A7D2259E76DF00B20C39 /* iTextField in Frameworks */ = {isa = PBXBuildFile; productRef = 2407A7D1259E76DF00B20C39 /* iTextField */; };
		2407A7D9259E777400B20C39 /* StandardInputView.swift in Sources */ = {isa = PBXBuildFile; fileRef = 2407A7D8259E777400B20C39 /* StandardInputView.swift */; };
		240FCC8525A4DB3900657F76 /* MainTabView.swift in Sources */ = {isa = PBXBuildFile; fileRef = 240FCC8425A4DB3900657F76 /* MainTabView.swift */; };
		240FCC8925A4DC1300657F76 /* FeedView.swift in Sources */ = {isa = PBXBuildFile; fileRef = 240FCC8825A4DC1300657F76 /* FeedView.swift */; };
		240FCC8D25A4DE8200657F76 /* PostFeedView.swift in Sources */ = {isa = PBXBuildFile; fileRef = 240FCC8C25A4DE8200657F76 /* PostFeedView.swift */; };
		240FCC9625A4DFAE00657F76 /* ProfileImage.swift in Sources */ = {isa = PBXBuildFile; fileRef = 240FCC9525A4DFAE00657F76 /* ProfileImage.swift */; };
		240FCC9A25A4E10B00657F76 /* PostHeadView.swift in Sources */ = {isa = PBXBuildFile; fileRef = 240FCC9925A4E10B00657F76 /* PostHeadView.swift */; };
		240FCC9D25A4E33E00657F76 /* PostBodyView.swift in Sources */ = {isa = PBXBuildFile; fileRef = 240FCC9C25A4E33E00657F76 /* PostBodyView.swift */; };
		240FCCA025A4E5F300657F76 /* PostHButtonView.swift in Sources */ = {isa = PBXBuildFile; fileRef = 240FCC9F25A4E5F300657F76 /* PostHButtonView.swift */; };
		240FCCA325A4E63F00657F76 /* PostContextMenu.swift in Sources */ = {isa = PBXBuildFile; fileRef = 240FCCA225A4E63F00657F76 /* PostContextMenu.swift */; };
		24122F2E25A9260000C0340C /* PostCommentView.swift in Sources */ = {isa = PBXBuildFile; fileRef = 24122F2D25A9260000C0340C /* PostCommentView.swift */; };
		241C78FE25A79008000BEAAD /* PostDeleteView.swift in Sources */ = {isa = PBXBuildFile; fileRef = 241C78FD25A79008000BEAAD /* PostDeleteView.swift */; };
		241C790025A7BBCF000BEAAD /* AlternativeButtonView.swift in Sources */ = {isa = PBXBuildFile; fileRef = 241C78FF25A7BBCF000BEAAD /* AlternativeButtonView.swift */; };
		24308EE125B75CF500551333 /* ProgressBar.swift in Sources */ = {isa = PBXBuildFile; fileRef = 24308EE025B75CF500551333 /* ProgressBar.swift */; };
		24308EE725B76C7A00551333 /* DisableModalDismiss.swift in Sources */ = {isa = PBXBuildFile; fileRef = 24308EE625B76C7A00551333 /* DisableModalDismiss.swift */; };
		2435BA2025A9783300E6A99D /* Vibrate.swift in Sources */ = {isa = PBXBuildFile; fileRef = 2435BA1F25A9783300E6A99D /* Vibrate.swift */; };
		2436D24725A243A6001D86A0 /* VerifyCodeView.swift in Sources */ = {isa = PBXBuildFile; fileRef = 2436D24625A243A6001D86A0 /* VerifyCodeView.swift */; };
		2436D24B25A2A274001D86A0 /* SubSettingFeedResponse.swift in Sources */ = {isa = PBXBuildFile; fileRef = 2436D24A25A2A274001D86A0 /* SubSettingFeedResponse.swift */; };
		2436D25525A2A2FA001D86A0 /* PostResponse.swift in Sources */ = {isa = PBXBuildFile; fileRef = 2436D25425A2A2FA001D86A0 /* PostResponse.swift */; };
		2436D25B25A2A47E001D86A0 /* SubSettingResponse.swift in Sources */ = {isa = PBXBuildFile; fileRef = 2436D25A25A2A47E001D86A0 /* SubSettingResponse.swift */; };
		2436D25F25A2C74C001D86A0 /* RefreshTokenRequest.swift in Sources */ = {isa = PBXBuildFile; fileRef = 2436D25E25A2C74C001D86A0 /* RefreshTokenRequest.swift */; };
		24447EC525A6761D003B3EDD /* FeedViewAlt.swift in Sources */ = {isa = PBXBuildFile; fileRef = 24447EC425A6761D003B3EDD /* FeedViewAlt.swift */; };
		24447EC825A676DF003B3EDD /* ASCollectionViewDynamic in Frameworks */ = {isa = PBXBuildFile; productRef = 24447EC725A676DF003B3EDD /* ASCollectionViewDynamic */; };
		24447EC925A676DF003B3EDD /* ASCollectionViewDynamic in Embed Frameworks */ = {isa = PBXBuildFile; productRef = 24447EC725A676DF003B3EDD /* ASCollectionViewDynamic */; settings = {ATTRIBUTES = (CodeSignOnCopy, ); }; };
		244F4DA525A17CC1007ED6C8 /* MainRouter.swift in Sources */ = {isa = PBXBuildFile; fileRef = 244F4DA425A17CC1007ED6C8 /* MainRouter.swift */; };
		244F4DAB25A17EDF007ED6C8 /* SwiftKeychainWrapper in Frameworks */ = {isa = PBXBuildFile; productRef = 244F4DAA25A17EDF007ED6C8 /* SwiftKeychainWrapper */; };
		244F4DAE25A17F2B007ED6C8 /* AuthTokenProtocol.swift in Sources */ = {isa = PBXBuildFile; fileRef = 244F4DAD25A17F2B007ED6C8 /* AuthTokenProtocol.swift */; };
		244F4DBE25A1A073007ED6C8 /* AuthEndpoint.swift in Sources */ = {isa = PBXBuildFile; fileRef = 244F4DBD25A1A073007ED6C8 /* AuthEndpoint.swift */; };
		2464CD1625AC10CB00CFF156 /* SubscriptionEndpoint.swift in Sources */ = {isa = PBXBuildFile; fileRef = 2464CD1525AC10CB00CFF156 /* SubscriptionEndpoint.swift */; };
		2464CD1825AC175A00CFF156 /* PostCreateSubscriptionListView.swift in Sources */ = {isa = PBXBuildFile; fileRef = 2464CD1725AC175A00CFF156 /* PostCreateSubscriptionListView.swift */; };
		247B8D7D25A3B8B200364C9F /* AuthenticationResponse.swift in Sources */ = {isa = PBXBuildFile; fileRef = 247B8D7C25A3B8B200364C9F /* AuthenticationResponse.swift */; };
		247B8D8725A3D7A800364C9F /* ServiceErrorMessage.swift in Sources */ = {isa = PBXBuildFile; fileRef = 247B8D8625A3D7A800364C9F /* ServiceErrorMessage.swift */; };
		247B8D8A25A3D7D200364C9F /* ServiceError.swift in Sources */ = {isa = PBXBuildFile; fileRef = 247B8D8925A3D7D200364C9F /* ServiceError.swift */; };
		247B8D8E25A3D80E00364C9F /* NetworkSession.swift in Sources */ = {isa = PBXBuildFile; fileRef = 247B8D8D25A3D80E00364C9F /* NetworkSession.swift */; };
		247B8D9525A3D92600364C9F /* URLSession+Publisher.swift in Sources */ = {isa = PBXBuildFile; fileRef = 247B8D9425A3D92600364C9F /* URLSession+Publisher.swift */; };
		247B8D9B25A3DE4B00364C9F /* Authenticator.swift in Sources */ = {isa = PBXBuildFile; fileRef = 247B8D9A25A3DE4B00364C9F /* Authenticator.swift */; };
		247B8D9E25A3DFB200364C9F /* AuthenticationError.swift in Sources */ = {isa = PBXBuildFile; fileRef = 247B8D9D25A3DFB200364C9F /* AuthenticationError.swift */; };
		249428AC25A43019002C4D6D /* Response.swift in Sources */ = {isa = PBXBuildFile; fileRef = 249428AB25A43019002C4D6D /* Response.swift */; };
		249428B225A43171002C4D6D /* SubSettingFeedEndpoint.swift in Sources */ = {isa = PBXBuildFile; fileRef = 249428B125A43171002C4D6D /* SubSettingFeedEndpoint.swift */; };
		249428BC25A43889002C4D6D /* Encodable+Data.swift in Sources */ = {isa = PBXBuildFile; fileRef = 249428BB25A43889002C4D6D /* Encodable+Data.swift */; };
		249A015125B0067400508CD5 /* CommentEndpoint.swift in Sources */ = {isa = PBXBuildFile; fileRef = 249A015025B0067400508CD5 /* CommentEndpoint.swift */; };
		249A015425B0075900508CD5 /* CommentRequest.swift in Sources */ = {isa = PBXBuildFile; fileRef = 249A015325B0075900508CD5 /* CommentRequest.swift */; };
		249A015625B0079C00508CD5 /* CommentResponse.swift in Sources */ = {isa = PBXBuildFile; fileRef = 249A015525B0079C00508CD5 /* CommentResponse.swift */; };
		249A015A25B0084A00508CD5 /* CommentFeedResponse.swift in Sources */ = {isa = PBXBuildFile; fileRef = 249A015925B0084A00508CD5 /* CommentFeedResponse.swift */; };
		249A015C25B00CBF00508CD5 /* PostCommentViewModel.swift in Sources */ = {isa = PBXBuildFile; fileRef = 249A015B25B00CBF00508CD5 /* PostCommentViewModel.swift */; };
		249AB51A25A01CB60093BE80 /* SocialSettingAPI.swift in Sources */ = {isa = PBXBuildFile; fileRef = 249AB51925A01CB60093BE80 /* SocialSettingAPI.swift */; };
		249AB51D25A01D580093BE80 /* NetworkManager.swift in Sources */ = {isa = PBXBuildFile; fileRef = 249AB51C25A01D580093BE80 /* NetworkManager.swift */; };
		249AB52025A020C20093BE80 /* SignUpResponse.swift in Sources */ = {isa = PBXBuildFile; fileRef = 249AB51F25A020C20093BE80 /* SignUpResponse.swift */; };
		24A19E1C25B60F19002DFAB5 /* PostCreateCommentView.swift in Sources */ = {isa = PBXBuildFile; fileRef = 24A19E1B25B60F19002DFAB5 /* PostCreateCommentView.swift */; };
		24C2D4EA25B69E3E00D68E4D /* PostCommentReplyPreview.swift in Sources */ = {isa = PBXBuildFile; fileRef = 24C2D4E925B69E3E00D68E4D /* PostCommentReplyPreview.swift */; };
		24C2D4EC25B6A66D00D68E4D /* CommentRequestHelper.swift in Sources */ = {isa = PBXBuildFile; fileRef = 24C2D4EB25B6A66D00D68E4D /* CommentRequestHelper.swift */; };
		24C2D4EF25B6B0CA00D68E4D /* CommentPopupHelper.swift in Sources */ = {isa = PBXBuildFile; fileRef = 24C2D4EE25B6B0CA00D68E4D /* CommentPopupHelper.swift */; };
		24D99D6125AE5D3800BFE9EF /* PostCreateSubscriptionListViewModel.swift in Sources */ = {isa = PBXBuildFile; fileRef = 24D99D6025AE5D3800BFE9EF /* PostCreateSubscriptionListViewModel.swift */; };
		24D99D6325AE889C00BFE9EF /* UserDefaults+Object.swift in Sources */ = {isa = PBXBuildFile; fileRef = 24D99D6225AE889C00BFE9EF /* UserDefaults+Object.swift */; };
		24D99D6525AE9B6800BFE9EF /* PostCreateViewModel.swift in Sources */ = {isa = PBXBuildFile; fileRef = 24D99D6425AE9B6800BFE9EF /* PostCreateViewModel.swift */; };
		24E9AFFC259E7905006D1DBB /* AuthViewModel.swift in Sources */ = {isa = PBXBuildFile; fileRef = 24E9AFFB259E7905006D1DBB /* AuthViewModel.swift */; };
		24E9B000259E80EC006D1DBB /* MainButtonView.swift in Sources */ = {isa = PBXBuildFile; fileRef = 24E9AFFF259E80EC006D1DBB /* MainButtonView.swift */; };
		24E9B004259E8315006D1DBB /* AltButtonView.swift in Sources */ = {isa = PBXBuildFile; fileRef = 24E9B003259E8315006D1DBB /* AltButtonView.swift */; };
		24E9B00C259E874B006D1DBB /* DynamicBackground.swift in Sources */ = {isa = PBXBuildFile; fileRef = 24E9B00B259E874B006D1DBB /* DynamicBackground.swift */; };
		24E9B010259E8E39006D1DBB /* SignUpView.swift in Sources */ = {isa = PBXBuildFile; fileRef = 24E9B00F259E8E39006D1DBB /* SignUpView.swift */; };
		24E9B014259E8EAF006D1DBB /* DismissingKeyboard.swift in Sources */ = {isa = PBXBuildFile; fileRef = 24E9B013259E8EAF006D1DBB /* DismissingKeyboard.swift */; };
		24E9B01A259EB5F4006D1DBB /* SignUpRequeest.swift in Sources */ = {isa = PBXBuildFile; fileRef = 24E9B019259EB5F4006D1DBB /* SignUpRequeest.swift */; };
		24E9B01E259EB6BE006D1DBB /* SignInRequest.swift in Sources */ = {isa = PBXBuildFile; fileRef = 24E9B01D259EB6BE006D1DBB /* SignInRequest.swift */; };
		24E9B02D259EBA63006D1DBB /* VerifyCodeRequest.swift in Sources */ = {isa = PBXBuildFile; fileRef = 24E9B02C259EBA63006D1DBB /* VerifyCodeRequest.swift */; };
		24E9B045259ECAC3006D1DBB /* NetworkError.swift in Sources */ = {isa = PBXBuildFile; fileRef = 24E9B044259ECAC3006D1DBB /* NetworkError.swift */; };
		24F41BEE25A4FE0F007981A7 /* FeedViewModel.swift in Sources */ = {isa = PBXBuildFile; fileRef = 24F41BED25A4FE0F007981A7 /* FeedViewModel.swift */; };
		24F41BF525A4FF4F007981A7 /* UserFeedEndpoint.swift in Sources */ = {isa = PBXBuildFile; fileRef = 24F41BF425A4FF4F007981A7 /* UserFeedEndpoint.swift */; };
		24F41BFA25A5050D007981A7 /* MockData.swift in Sources */ = {isa = PBXBuildFile; fileRef = 24F41BF925A5050D007981A7 /* MockData.swift */; };
		24F41BFE25A51D43007981A7 /* PostGroupBoxStyle.swift in Sources */ = {isa = PBXBuildFile; fileRef = 24F41BFD25A51D43007981A7 /* PostGroupBoxStyle.swift */; };
		24F41C0125A5220D007981A7 /* PostSeperator.swift in Sources */ = {isa = PBXBuildFile; fileRef = 24F41C0025A5220D007981A7 /* PostSeperator.swift */; };
		24F41C0425A556D9007981A7 /* PostCreateView.swift in Sources */ = {isa = PBXBuildFile; fileRef = 24F41C0325A556D9007981A7 /* PostCreateView.swift */; };
		24F41C0825A55721007981A7 /* PostRequest.swift in Sources */ = {isa = PBXBuildFile; fileRef = 24F41C0725A55721007981A7 /* PostRequest.swift */; };
		24F41C0B25A55872007981A7 /* PostViewModel.swift in Sources */ = {isa = PBXBuildFile; fileRef = 24F41C0A25A55872007981A7 /* PostViewModel.swift */; };
		24F41C0F25A558FC007981A7 /* TextView in Frameworks */ = {isa = PBXBuildFile; productRef = 24F41C0E25A558FC007981A7 /* TextView */; };
		24F41C1225A56161007981A7 /* PostEndpoint.swift in Sources */ = {isa = PBXBuildFile; fileRef = 24F41C1125A56161007981A7 /* PostEndpoint.swift */; };
		24F41C1525A568F5007981A7 /* VoteRequest.swift in Sources */ = {isa = PBXBuildFile; fileRef = 24F41C1425A568F5007981A7 /* VoteRequest.swift */; };
/* End PBXBuildFile section */

/* Begin PBXCopyFilesBuildPhase section */
		24447EC325A67602003B3EDD /* Embed Frameworks */ = {
			isa = PBXCopyFilesBuildPhase;
			buildActionMask = 2147483647;
			dstPath = "";
			dstSubfolderSpec = 10;
			files = (
				24447EC925A676DF003B3EDD /* ASCollectionViewDynamic in Embed Frameworks */,
			);
			name = "Embed Frameworks";
			runOnlyForDeploymentPostprocessing = 0;
		};
/* End PBXCopyFilesBuildPhase section */

/* Begin PBXFileReference section */
		2407A7AB259E6FAC00B20C39 /* Social Setting.app */ = {isa = PBXFileReference; explicitFileType = wrapper.application; includeInIndex = 0; path = "Social Setting.app"; sourceTree = BUILT_PRODUCTS_DIR; };
		2407A7AE259E6FAC00B20C39 /* Social_SettingApp.swift */ = {isa = PBXFileReference; lastKnownFileType = sourcecode.swift; path = Social_SettingApp.swift; sourceTree = "<group>"; };
		2407A7B0259E6FAC00B20C39 /* ContentView.swift */ = {isa = PBXFileReference; lastKnownFileType = sourcecode.swift; path = ContentView.swift; sourceTree = "<group>"; };
		2407A7B2259E6FAD00B20C39 /* Assets.xcassets */ = {isa = PBXFileReference; lastKnownFileType = folder.assetcatalog; path = Assets.xcassets; sourceTree = "<group>"; };
		2407A7B5259E6FAD00B20C39 /* Preview Assets.xcassets */ = {isa = PBXFileReference; lastKnownFileType = folder.assetcatalog; path = "Preview Assets.xcassets"; sourceTree = "<group>"; };
		2407A7B7259E6FAD00B20C39 /* Persistence.swift */ = {isa = PBXFileReference; lastKnownFileType = sourcecode.swift; path = Persistence.swift; sourceTree = "<group>"; };
		2407A7BA259E6FAD00B20C39 /* Social_Setting.xcdatamodel */ = {isa = PBXFileReference; lastKnownFileType = wrapper.xcdatamodel; path = Social_Setting.xcdatamodel; sourceTree = "<group>"; };
		2407A7BC259E6FAD00B20C39 /* Info.plist */ = {isa = PBXFileReference; lastKnownFileType = text.plist.xml; path = Info.plist; sourceTree = "<group>"; };
		2407A7C4259E703300B20C39 /* SignInView.swift */ = {isa = PBXFileReference; lastKnownFileType = sourcecode.swift; path = SignInView.swift; sourceTree = "<group>"; };
		2407A7CC259E729000B20C39 /* Color+Theme.swift */ = {isa = PBXFileReference; lastKnownFileType = sourcecode.swift; path = "Color+Theme.swift"; sourceTree = "<group>"; };
		2407A7D8259E777400B20C39 /* StandardInputView.swift */ = {isa = PBXFileReference; lastKnownFileType = sourcecode.swift; path = StandardInputView.swift; sourceTree = "<group>"; };
		240FCC8425A4DB3900657F76 /* MainTabView.swift */ = {isa = PBXFileReference; lastKnownFileType = sourcecode.swift; path = MainTabView.swift; sourceTree = "<group>"; };
		240FCC8825A4DC1300657F76 /* FeedView.swift */ = {isa = PBXFileReference; lastKnownFileType = sourcecode.swift; path = FeedView.swift; sourceTree = "<group>"; };
		240FCC8C25A4DE8200657F76 /* PostFeedView.swift */ = {isa = PBXFileReference; lastKnownFileType = sourcecode.swift; path = PostFeedView.swift; sourceTree = "<group>"; };
		240FCC9525A4DFAE00657F76 /* ProfileImage.swift */ = {isa = PBXFileReference; lastKnownFileType = sourcecode.swift; path = ProfileImage.swift; sourceTree = "<group>"; };
		240FCC9925A4E10B00657F76 /* PostHeadView.swift */ = {isa = PBXFileReference; lastKnownFileType = sourcecode.swift; path = PostHeadView.swift; sourceTree = "<group>"; };
		240FCC9C25A4E33E00657F76 /* PostBodyView.swift */ = {isa = PBXFileReference; lastKnownFileType = sourcecode.swift; path = PostBodyView.swift; sourceTree = "<group>"; };
		240FCC9F25A4E5F300657F76 /* PostHButtonView.swift */ = {isa = PBXFileReference; lastKnownFileType = sourcecode.swift; path = PostHButtonView.swift; sourceTree = "<group>"; };
		240FCCA225A4E63F00657F76 /* PostContextMenu.swift */ = {isa = PBXFileReference; lastKnownFileType = sourcecode.swift; path = PostContextMenu.swift; sourceTree = "<group>"; };
		24122F2D25A9260000C0340C /* PostCommentView.swift */ = {isa = PBXFileReference; lastKnownFileType = sourcecode.swift; path = PostCommentView.swift; sourceTree = "<group>"; };
		241C78FD25A79008000BEAAD /* PostDeleteView.swift */ = {isa = PBXFileReference; lastKnownFileType = sourcecode.swift; path = PostDeleteView.swift; sourceTree = "<group>"; };
		241C78FF25A7BBCF000BEAAD /* AlternativeButtonView.swift */ = {isa = PBXFileReference; lastKnownFileType = sourcecode.swift; path = AlternativeButtonView.swift; sourceTree = "<group>"; };
		24308EE025B75CF500551333 /* ProgressBar.swift */ = {isa = PBXFileReference; lastKnownFileType = sourcecode.swift; path = ProgressBar.swift; sourceTree = "<group>"; };
		24308EE625B76C7A00551333 /* DisableModalDismiss.swift */ = {isa = PBXFileReference; lastKnownFileType = sourcecode.swift; path = DisableModalDismiss.swift; sourceTree = "<group>"; };
		2435BA1F25A9783300E6A99D /* Vibrate.swift */ = {isa = PBXFileReference; lastKnownFileType = sourcecode.swift; path = Vibrate.swift; sourceTree = "<group>"; };
		2436D24625A243A6001D86A0 /* VerifyCodeView.swift */ = {isa = PBXFileReference; lastKnownFileType = sourcecode.swift; path = VerifyCodeView.swift; sourceTree = "<group>"; };
		2436D24A25A2A274001D86A0 /* SubSettingFeedResponse.swift */ = {isa = PBXFileReference; lastKnownFileType = sourcecode.swift; path = SubSettingFeedResponse.swift; sourceTree = "<group>"; };
		2436D25425A2A2FA001D86A0 /* PostResponse.swift */ = {isa = PBXFileReference; lastKnownFileType = sourcecode.swift; path = PostResponse.swift; sourceTree = "<group>"; };
		2436D25A25A2A47E001D86A0 /* SubSettingResponse.swift */ = {isa = PBXFileReference; lastKnownFileType = sourcecode.swift; path = SubSettingResponse.swift; sourceTree = "<group>"; };
		2436D25E25A2C74C001D86A0 /* RefreshTokenRequest.swift */ = {isa = PBXFileReference; lastKnownFileType = sourcecode.swift; path = RefreshTokenRequest.swift; sourceTree = "<group>"; };
		24447EC425A6761D003B3EDD /* FeedViewAlt.swift */ = {isa = PBXFileReference; lastKnownFileType = sourcecode.swift; path = FeedViewAlt.swift; sourceTree = "<group>"; };
		244F4DA425A17CC1007ED6C8 /* MainRouter.swift */ = {isa = PBXFileReference; lastKnownFileType = sourcecode.swift; path = MainRouter.swift; sourceTree = "<group>"; };
		244F4DAD25A17F2B007ED6C8 /* AuthTokenProtocol.swift */ = {isa = PBXFileReference; lastKnownFileType = sourcecode.swift; path = AuthTokenProtocol.swift; sourceTree = "<group>"; };
		244F4DBD25A1A073007ED6C8 /* AuthEndpoint.swift */ = {isa = PBXFileReference; lastKnownFileType = sourcecode.swift; path = AuthEndpoint.swift; sourceTree = "<group>"; };
		2464CD1525AC10CB00CFF156 /* SubscriptionEndpoint.swift */ = {isa = PBXFileReference; lastKnownFileType = sourcecode.swift; path = SubscriptionEndpoint.swift; sourceTree = "<group>"; };
		2464CD1725AC175A00CFF156 /* PostCreateSubscriptionListView.swift */ = {isa = PBXFileReference; lastKnownFileType = sourcecode.swift; path = PostCreateSubscriptionListView.swift; sourceTree = "<group>"; };
		247B8D7C25A3B8B200364C9F /* AuthenticationResponse.swift */ = {isa = PBXFileReference; lastKnownFileType = sourcecode.swift; path = AuthenticationResponse.swift; sourceTree = "<group>"; };
		247B8D8625A3D7A800364C9F /* ServiceErrorMessage.swift */ = {isa = PBXFileReference; lastKnownFileType = sourcecode.swift; path = ServiceErrorMessage.swift; sourceTree = "<group>"; };
		247B8D8925A3D7D200364C9F /* ServiceError.swift */ = {isa = PBXFileReference; lastKnownFileType = sourcecode.swift; path = ServiceError.swift; sourceTree = "<group>"; };
		247B8D8D25A3D80E00364C9F /* NetworkSession.swift */ = {isa = PBXFileReference; lastKnownFileType = sourcecode.swift; path = NetworkSession.swift; sourceTree = "<group>"; };
		247B8D9425A3D92600364C9F /* URLSession+Publisher.swift */ = {isa = PBXFileReference; lastKnownFileType = sourcecode.swift; path = "URLSession+Publisher.swift"; sourceTree = "<group>"; };
		247B8D9A25A3DE4B00364C9F /* Authenticator.swift */ = {isa = PBXFileReference; lastKnownFileType = sourcecode.swift; path = Authenticator.swift; sourceTree = "<group>"; };
		247B8D9D25A3DFB200364C9F /* AuthenticationError.swift */ = {isa = PBXFileReference; lastKnownFileType = sourcecode.swift; path = AuthenticationError.swift; sourceTree = "<group>"; };
		249428AB25A43019002C4D6D /* Response.swift */ = {isa = PBXFileReference; lastKnownFileType = sourcecode.swift; path = Response.swift; sourceTree = "<group>"; };
		249428B125A43171002C4D6D /* SubSettingFeedEndpoint.swift */ = {isa = PBXFileReference; lastKnownFileType = sourcecode.swift; path = SubSettingFeedEndpoint.swift; sourceTree = "<group>"; };
		249428BB25A43889002C4D6D /* Encodable+Data.swift */ = {isa = PBXFileReference; lastKnownFileType = sourcecode.swift; path = "Encodable+Data.swift"; sourceTree = "<group>"; };
		249A015025B0067400508CD5 /* CommentEndpoint.swift */ = {isa = PBXFileReference; lastKnownFileType = sourcecode.swift; path = CommentEndpoint.swift; sourceTree = "<group>"; };
		249A015325B0075900508CD5 /* CommentRequest.swift */ = {isa = PBXFileReference; lastKnownFileType = sourcecode.swift; path = CommentRequest.swift; sourceTree = "<group>"; };
		249A015525B0079C00508CD5 /* CommentResponse.swift */ = {isa = PBXFileReference; lastKnownFileType = sourcecode.swift; path = CommentResponse.swift; sourceTree = "<group>"; };
		249A015925B0084A00508CD5 /* CommentFeedResponse.swift */ = {isa = PBXFileReference; lastKnownFileType = sourcecode.swift; path = CommentFeedResponse.swift; sourceTree = "<group>"; };
		249A015B25B00CBF00508CD5 /* PostCommentViewModel.swift */ = {isa = PBXFileReference; lastKnownFileType = sourcecode.swift; path = PostCommentViewModel.swift; sourceTree = "<group>"; };
		249AB51925A01CB60093BE80 /* SocialSettingAPI.swift */ = {isa = PBXFileReference; lastKnownFileType = sourcecode.swift; path = SocialSettingAPI.swift; sourceTree = "<group>"; };
		249AB51C25A01D580093BE80 /* NetworkManager.swift */ = {isa = PBXFileReference; lastKnownFileType = sourcecode.swift; path = NetworkManager.swift; sourceTree = "<group>"; };
		249AB51F25A020C20093BE80 /* SignUpResponse.swift */ = {isa = PBXFileReference; lastKnownFileType = sourcecode.swift; path = SignUpResponse.swift; sourceTree = "<group>"; };
		24A19E1B25B60F19002DFAB5 /* PostCreateCommentView.swift */ = {isa = PBXFileReference; lastKnownFileType = sourcecode.swift; path = PostCreateCommentView.swift; sourceTree = "<group>"; };
		24C2D4E925B69E3E00D68E4D /* PostCommentReplyPreview.swift */ = {isa = PBXFileReference; lastKnownFileType = sourcecode.swift; path = PostCommentReplyPreview.swift; sourceTree = "<group>"; };
		24C2D4EB25B6A66D00D68E4D /* CommentRequestHelper.swift */ = {isa = PBXFileReference; lastKnownFileType = sourcecode.swift; path = CommentRequestHelper.swift; sourceTree = "<group>"; };
		24C2D4EE25B6B0CA00D68E4D /* CommentPopupHelper.swift */ = {isa = PBXFileReference; lastKnownFileType = sourcecode.swift; path = CommentPopupHelper.swift; sourceTree = "<group>"; };
		24D99D6025AE5D3800BFE9EF /* PostCreateSubscriptionListViewModel.swift */ = {isa = PBXFileReference; lastKnownFileType = sourcecode.swift; path = PostCreateSubscriptionListViewModel.swift; sourceTree = "<group>"; };
		24D99D6225AE889C00BFE9EF /* UserDefaults+Object.swift */ = {isa = PBXFileReference; lastKnownFileType = sourcecode.swift; path = "UserDefaults+Object.swift"; sourceTree = "<group>"; };
		24D99D6425AE9B6800BFE9EF /* PostCreateViewModel.swift */ = {isa = PBXFileReference; lastKnownFileType = sourcecode.swift; path = PostCreateViewModel.swift; sourceTree = "<group>"; };
		24E9AFFB259E7905006D1DBB /* AuthViewModel.swift */ = {isa = PBXFileReference; lastKnownFileType = sourcecode.swift; path = AuthViewModel.swift; sourceTree = "<group>"; };
		24E9AFFF259E80EC006D1DBB /* MainButtonView.swift */ = {isa = PBXFileReference; lastKnownFileType = sourcecode.swift; path = MainButtonView.swift; sourceTree = "<group>"; };
		24E9B003259E8315006D1DBB /* AltButtonView.swift */ = {isa = PBXFileReference; lastKnownFileType = sourcecode.swift; path = AltButtonView.swift; sourceTree = "<group>"; };
		24E9B00B259E874B006D1DBB /* DynamicBackground.swift */ = {isa = PBXFileReference; lastKnownFileType = sourcecode.swift; path = DynamicBackground.swift; sourceTree = "<group>"; };
		24E9B00F259E8E39006D1DBB /* SignUpView.swift */ = {isa = PBXFileReference; lastKnownFileType = sourcecode.swift; path = SignUpView.swift; sourceTree = "<group>"; };
		24E9B013259E8EAF006D1DBB /* DismissingKeyboard.swift */ = {isa = PBXFileReference; lastKnownFileType = sourcecode.swift; path = DismissingKeyboard.swift; sourceTree = "<group>"; };
		24E9B019259EB5F4006D1DBB /* SignUpRequeest.swift */ = {isa = PBXFileReference; lastKnownFileType = sourcecode.swift; path = SignUpRequeest.swift; sourceTree = "<group>"; };
		24E9B01D259EB6BE006D1DBB /* SignInRequest.swift */ = {isa = PBXFileReference; lastKnownFileType = sourcecode.swift; path = SignInRequest.swift; sourceTree = "<group>"; };
		24E9B02C259EBA63006D1DBB /* VerifyCodeRequest.swift */ = {isa = PBXFileReference; lastKnownFileType = sourcecode.swift; path = VerifyCodeRequest.swift; sourceTree = "<group>"; };
		24E9B044259ECAC3006D1DBB /* NetworkError.swift */ = {isa = PBXFileReference; lastKnownFileType = sourcecode.swift; path = NetworkError.swift; sourceTree = "<group>"; };
		24F41BED25A4FE0F007981A7 /* FeedViewModel.swift */ = {isa = PBXFileReference; lastKnownFileType = sourcecode.swift; path = FeedViewModel.swift; sourceTree = "<group>"; };
		24F41BF425A4FF4F007981A7 /* UserFeedEndpoint.swift */ = {isa = PBXFileReference; lastKnownFileType = sourcecode.swift; path = UserFeedEndpoint.swift; sourceTree = "<group>"; };
		24F41BF925A5050D007981A7 /* MockData.swift */ = {isa = PBXFileReference; lastKnownFileType = sourcecode.swift; path = MockData.swift; sourceTree = "<group>"; };
		24F41BFD25A51D43007981A7 /* PostGroupBoxStyle.swift */ = {isa = PBXFileReference; lastKnownFileType = sourcecode.swift; path = PostGroupBoxStyle.swift; sourceTree = "<group>"; };
		24F41C0025A5220D007981A7 /* PostSeperator.swift */ = {isa = PBXFileReference; lastKnownFileType = sourcecode.swift; path = PostSeperator.swift; sourceTree = "<group>"; };
		24F41C0325A556D9007981A7 /* PostCreateView.swift */ = {isa = PBXFileReference; lastKnownFileType = sourcecode.swift; path = PostCreateView.swift; sourceTree = "<group>"; };
		24F41C0725A55721007981A7 /* PostRequest.swift */ = {isa = PBXFileReference; lastKnownFileType = sourcecode.swift; path = PostRequest.swift; sourceTree = "<group>"; };
		24F41C0A25A55872007981A7 /* PostViewModel.swift */ = {isa = PBXFileReference; lastKnownFileType = sourcecode.swift; path = PostViewModel.swift; sourceTree = "<group>"; };
		24F41C1125A56161007981A7 /* PostEndpoint.swift */ = {isa = PBXFileReference; lastKnownFileType = sourcecode.swift; path = PostEndpoint.swift; sourceTree = "<group>"; };
		24F41C1425A568F5007981A7 /* VoteRequest.swift */ = {isa = PBXFileReference; lastKnownFileType = sourcecode.swift; path = VoteRequest.swift; sourceTree = "<group>"; };
/* End PBXFileReference section */

/* Begin PBXFrameworksBuildPhase section */
		2407A7A8259E6FAC00B20C39 /* Frameworks */ = {
			isa = PBXFrameworksBuildPhase;
			buildActionMask = 2147483647;
			files = (
				244F4DAB25A17EDF007ED6C8 /* SwiftKeychainWrapper in Frameworks */,
				24F41C0F25A558FC007981A7 /* TextView in Frameworks */,
				2407A7D2259E76DF00B20C39 /* iTextField in Frameworks */,
				24447EC825A676DF003B3EDD /* ASCollectionViewDynamic in Frameworks */,
			);
			runOnlyForDeploymentPostprocessing = 0;
		};
/* End PBXFrameworksBuildPhase section */

/* Begin PBXGroup section */
		2407A7A2259E6FAC00B20C39 = {
			isa = PBXGroup;
			children = (
				2407A7AD259E6FAC00B20C39 /* Social Setting */,
				2407A7AC259E6FAC00B20C39 /* Products */,
			);
			sourceTree = "<group>";
		};
		2407A7AC259E6FAC00B20C39 /* Products */ = {
			isa = PBXGroup;
			children = (
				2407A7AB259E6FAC00B20C39 /* Social Setting.app */,
			);
			name = Products;
			sourceTree = "<group>";
		};
		2407A7AD259E6FAC00B20C39 /* Social Setting */ = {
			isa = PBXGroup;
			children = (
				247B8D8025A3D01300364C9F /* Network */,
				24E9B043259ECAB2006D1DBB /* Error */,
				24E9B018259EB5C5006D1DBB /* Model */,
				2407A7D4259E770F00B20C39 /* View */,
				24E9B00E259E8DFC006D1DBB /* ViewModel */,
				2407A7CB259E70D000B20C39 /* Utility */,
				2407A7AE259E6FAC00B20C39 /* Social_SettingApp.swift */,
				2407A7B0259E6FAC00B20C39 /* ContentView.swift */,
				2407A7B2259E6FAD00B20C39 /* Assets.xcassets */,
				2407A7B7259E6FAD00B20C39 /* Persistence.swift */,
				2407A7BC259E6FAD00B20C39 /* Info.plist */,
				2407A7B9259E6FAD00B20C39 /* Social_Setting.xcdatamodeld */,
				2407A7B4259E6FAD00B20C39 /* Preview Content */,
			);
			path = "Social Setting";
			sourceTree = "<group>";
		};
		2407A7B4259E6FAD00B20C39 /* Preview Content */ = {
			isa = PBXGroup;
			children = (
				2407A7B5259E6FAD00B20C39 /* Preview Assets.xcassets */,
			);
			path = "Preview Content";
			sourceTree = "<group>";
		};
		2407A7C3259E700000B20C39 /* Auth */ = {
			isa = PBXGroup;
			children = (
				2407A7C4259E703300B20C39 /* SignInView.swift */,
				24E9B00F259E8E39006D1DBB /* SignUpView.swift */,
				2436D24625A243A6001D86A0 /* VerifyCodeView.swift */,
			);
			path = Auth;
			sourceTree = "<group>";
		};
		2407A7CB259E70D000B20C39 /* Utility */ = {
			isa = PBXGroup;
			children = (
				2407A7CC259E729000B20C39 /* Color+Theme.swift */,
				24D99D6225AE889C00BFE9EF /* UserDefaults+Object.swift */,
				249428BB25A43889002C4D6D /* Encodable+Data.swift */,
				24E9B013259E8EAF006D1DBB /* DismissingKeyboard.swift */,
				2435BA1F25A9783300E6A99D /* Vibrate.swift */,
				24308EE625B76C7A00551333 /* DisableModalDismiss.swift */,
			);
			path = Utility;
			sourceTree = "<group>";
		};
		2407A7D4259E770F00B20C39 /* View */ = {
			isa = PBXGroup;
			children = (
				2407A7D7259E774600B20C39 /* Shared */,
				2407A7C3259E700000B20C39 /* Auth */,
				240FCC8725A4DC0B00657F76 /* Feed */,
				240FCC8B25A4DE4800657F76 /* Post */,
				244F4DA725A17CCA007ED6C8 /* Route */,
				240FCC8425A4DB3900657F76 /* MainTabView.swift */,
			);
			path = View;
			sourceTree = "<group>";
		};
		2407A7D7259E774600B20C39 /* Shared */ = {
			isa = PBXGroup;
			children = (
				24308EE025B75CF500551333 /* ProgressBar.swift */,
				2407A7D8259E777400B20C39 /* StandardInputView.swift */,
				24E9AFFF259E80EC006D1DBB /* MainButtonView.swift */,
				24E9B003259E8315006D1DBB /* AltButtonView.swift */,
				241C78FF25A7BBCF000BEAAD /* AlternativeButtonView.swift */,
				24E9B00B259E874B006D1DBB /* DynamicBackground.swift */,
				240FCC9525A4DFAE00657F76 /* ProfileImage.swift */,
				24F41C0025A5220D007981A7 /* PostSeperator.swift */,
			);
			path = Shared;
			sourceTree = "<group>";
		};
		240FCC8725A4DC0B00657F76 /* Feed */ = {
			isa = PBXGroup;
			children = (
				240FCC8825A4DC1300657F76 /* FeedView.swift */,
				24447EC425A6761D003B3EDD /* FeedViewAlt.swift */,
			);
			path = Feed;
			sourceTree = "<group>";
		};
		240FCC8B25A4DE4800657F76 /* Post */ = {
			isa = PBXGroup;
			children = (
				240FCC8C25A4DE8200657F76 /* PostFeedView.swift */,
				240FCC9925A4E10B00657F76 /* PostHeadView.swift */,
				240FCC9C25A4E33E00657F76 /* PostBodyView.swift */,
				240FCC9F25A4E5F300657F76 /* PostHButtonView.swift */,
				240FCCA225A4E63F00657F76 /* PostContextMenu.swift */,
				24F41BFD25A51D43007981A7 /* PostGroupBoxStyle.swift */,
				24F41C0325A556D9007981A7 /* PostCreateView.swift */,
				2464CD1725AC175A00CFF156 /* PostCreateSubscriptionListView.swift */,
				241C78FD25A79008000BEAAD /* PostDeleteView.swift */,
				24122F2D25A9260000C0340C /* PostCommentView.swift */,
				24A19E1B25B60F19002DFAB5 /* PostCreateCommentView.swift */,
				24C2D4E925B69E3E00D68E4D /* PostCommentReplyPreview.swift */,
			);
			path = Post;
			sourceTree = "<group>";
		};
		2436D24925A2A242001D86A0 /* SubSetting */ = {
			isa = PBXGroup;
			children = (
				2436D24E25A2A293001D86A0 /* Response */,
			);
			path = SubSetting;
			sourceTree = "<group>";
		};
		2436D24E25A2A293001D86A0 /* Response */ = {
			isa = PBXGroup;
			children = (
				2436D24A25A2A274001D86A0 /* SubSettingFeedResponse.swift */,
				2436D25A25A2A47E001D86A0 /* SubSettingResponse.swift */,
			);
			path = Response;
			sourceTree = "<group>";
		};
		2436D25325A2A2E3001D86A0 /* Post */ = {
			isa = PBXGroup;
			children = (
				24F41C0625A55714007981A7 /* Request */,
				2436D25825A2A30E001D86A0 /* Response */,
			);
			path = Post;
			sourceTree = "<group>";
		};
		2436D25825A2A30E001D86A0 /* Response */ = {
			isa = PBXGroup;
			children = (
				2436D25425A2A2FA001D86A0 /* PostResponse.swift */,
			);
			path = Response;
			sourceTree = "<group>";
		};
		244F4DA725A17CCA007ED6C8 /* Route */ = {
			isa = PBXGroup;
			children = (
				244F4DA425A17CC1007ED6C8 /* MainRouter.swift */,
			);
			path = Route;
			sourceTree = "<group>";
		};
		247B8D8025A3D01300364C9F /* Network */ = {
			isa = PBXGroup;
			children = (
				249428B025A43140002C4D6D /* Security */,
				249428AA25A43006002C4D6D /* Helper */,
				247B8D8C25A3D7F800364C9F /* Protocol */,
				24F41BF225A4FF25007981A7 /* Endpoint */,
				249AB51925A01CB60093BE80 /* SocialSettingAPI.swift */,
				249AB51C25A01D580093BE80 /* NetworkManager.swift */,
				24F41BF925A5050D007981A7 /* MockData.swift */,
			);
			path = Network;
			sourceTree = "<group>";
		};
		247B8D8C25A3D7F800364C9F /* Protocol */ = {
			isa = PBXGroup;
			children = (
				244F4DAD25A17F2B007ED6C8 /* AuthTokenProtocol.swift */,
				247B8D8D25A3D80E00364C9F /* NetworkSession.swift */,
			);
			path = Protocol;
			sourceTree = "<group>";
		};
		24806AF325B14A26009F500C /* Vote */ = {
			isa = PBXGroup;
			children = (
				24F41C1425A568F5007981A7 /* VoteRequest.swift */,
			);
			path = Vote;
			sourceTree = "<group>";
		};
		249428AA25A43006002C4D6D /* Helper */ = {
			isa = PBXGroup;
			children = (
				247B8D9425A3D92600364C9F /* URLSession+Publisher.swift */,
				249428AB25A43019002C4D6D /* Response.swift */,
			);
			path = Helper;
			sourceTree = "<group>";
		};
		249428B025A43140002C4D6D /* Security */ = {
			isa = PBXGroup;
			children = (
				247B8D9A25A3DE4B00364C9F /* Authenticator.swift */,
			);
			path = Security;
			sourceTree = "<group>";
		};
		249A015225B0072F00508CD5 /* Comment */ = {
			isa = PBXGroup;
			children = (
				249A015825B007F700508CD5 /* Request */,
				249A015725B007EE00508CD5 /* Response */,
			);
			path = Comment;
			sourceTree = "<group>";
		};
		249A015725B007EE00508CD5 /* Response */ = {
			isa = PBXGroup;
			children = (
				249A015525B0079C00508CD5 /* CommentResponse.swift */,
				249A015925B0084A00508CD5 /* CommentFeedResponse.swift */,
			);
			path = Response;
			sourceTree = "<group>";
		};
		249A015825B007F700508CD5 /* Request */ = {
			isa = PBXGroup;
			children = (
				249A015325B0075900508CD5 /* CommentRequest.swift */,
				24C2D4EB25B6A66D00D68E4D /* CommentRequestHelper.swift */,
			);
			path = Request;
			sourceTree = "<group>";
		};
		24C2D4ED25B6B09700D68E4D /* Comment */ = {
			isa = PBXGroup;
			children = (
				24C2D4EE25B6B0CA00D68E4D /* CommentPopupHelper.swift */,
			);
			path = Comment;
			sourceTree = "<group>";
		};
		24D99D5D25AE5AF400BFE9EF /* Auth */ = {
			isa = PBXGroup;
			children = (
				24E9AFFB259E7905006D1DBB /* AuthViewModel.swift */,
			);
			path = Auth;
			sourceTree = "<group>";
		};
		24D99D5E25AE5AFB00BFE9EF /* Post */ = {
			isa = PBXGroup;
			children = (
				24F41C0A25A55872007981A7 /* PostViewModel.swift */,
				24D99D6425AE9B6800BFE9EF /* PostCreateViewModel.swift */,
				24D99D6025AE5D3800BFE9EF /* PostCreateSubscriptionListViewModel.swift */,
				249A015B25B00CBF00508CD5 /* PostCommentViewModel.swift */,
			);
			path = Post;
			sourceTree = "<group>";
		};
		24D99D5F25AE5B0200BFE9EF /* Feed */ = {
			isa = PBXGroup;
			children = (
				24F41BED25A4FE0F007981A7 /* FeedViewModel.swift */,
			);
			path = Feed;
			sourceTree = "<group>";
		};
		24E9B00E259E8DFC006D1DBB /* ViewModel */ = {
			isa = PBXGroup;
			children = (
				24D99D5D25AE5AF400BFE9EF /* Auth */,
				24D99D5F25AE5B0200BFE9EF /* Feed */,
				24D99D5E25AE5AFB00BFE9EF /* Post */,
				24C2D4ED25B6B09700D68E4D /* Comment */,
			);
			path = ViewModel;
			sourceTree = "<group>";
		};
		24E9B018259EB5C5006D1DBB /* Model */ = {
			isa = PBXGroup;
			children = (
				24E9B024259EB74B006D1DBB /* Auth */,
				2436D25325A2A2E3001D86A0 /* Post */,
				249A015225B0072F00508CD5 /* Comment */,
				2436D24925A2A242001D86A0 /* SubSetting */,
				24806AF325B14A26009F500C /* Vote */,
			);
			path = Model;
			sourceTree = "<group>";
		};
		24E9B021259EB6FE006D1DBB /* Request */ = {
			isa = PBXGroup;
			children = (
				24E9B019259EB5F4006D1DBB /* SignUpRequeest.swift */,
				24E9B01D259EB6BE006D1DBB /* SignInRequest.swift */,
				2436D25E25A2C74C001D86A0 /* RefreshTokenRequest.swift */,
				24E9B02C259EBA63006D1DBB /* VerifyCodeRequest.swift */,
			);
			path = Request;
			sourceTree = "<group>";
		};
		24E9B023259EB709006D1DBB /* Response */ = {
			isa = PBXGroup;
			children = (
				249AB51F25A020C20093BE80 /* SignUpResponse.swift */,
				247B8D7C25A3B8B200364C9F /* AuthenticationResponse.swift */,
			);
			path = Response;
			sourceTree = "<group>";
		};
		24E9B024259EB74B006D1DBB /* Auth */ = {
			isa = PBXGroup;
			children = (
				24E9B021259EB6FE006D1DBB /* Request */,
				24E9B023259EB709006D1DBB /* Response */,
			);
			path = Auth;
			sourceTree = "<group>";
		};
		24E9B043259ECAB2006D1DBB /* Error */ = {
			isa = PBXGroup;
			children = (
				24E9B044259ECAC3006D1DBB /* NetworkError.swift */,
				247B8D8625A3D7A800364C9F /* ServiceErrorMessage.swift */,
				247B8D8925A3D7D200364C9F /* ServiceError.swift */,
				247B8D9D25A3DFB200364C9F /* AuthenticationError.swift */,
			);
			path = Error;
			sourceTree = "<group>";
		};
		24F41BF225A4FF25007981A7 /* Endpoint */ = {
			isa = PBXGroup;
			children = (
				244F4DBD25A1A073007ED6C8 /* AuthEndpoint.swift */,
				24F41BF425A4FF4F007981A7 /* UserFeedEndpoint.swift */,
				249428B125A43171002C4D6D /* SubSettingFeedEndpoint.swift */,
				24F41C1125A56161007981A7 /* PostEndpoint.swift */,
				2464CD1525AC10CB00CFF156 /* SubscriptionEndpoint.swift */,
				249A015025B0067400508CD5 /* CommentEndpoint.swift */,
			);
			path = Endpoint;
			sourceTree = "<group>";
		};
		24F41C0625A55714007981A7 /* Request */ = {
			isa = PBXGroup;
			children = (
				24F41C0725A55721007981A7 /* PostRequest.swift */,
			);
			path = Request;
			sourceTree = "<group>";
		};
/* End PBXGroup section */

/* Begin PBXNativeTarget section */
		2407A7AA259E6FAC00B20C39 /* Social Setting */ = {
			isa = PBXNativeTarget;
			buildConfigurationList = 2407A7BF259E6FAD00B20C39 /* Build configuration list for PBXNativeTarget "Social Setting" */;
			buildPhases = (
				2407A7A7259E6FAC00B20C39 /* Sources */,
				2407A7A8259E6FAC00B20C39 /* Frameworks */,
				2407A7A9259E6FAC00B20C39 /* Resources */,
				24447EC325A67602003B3EDD /* Embed Frameworks */,
			);
			buildRules = (
			);
			dependencies = (
			);
			name = "Social Setting";
			packageProductDependencies = (
				2407A7D1259E76DF00B20C39 /* iTextField */,
				244F4DAA25A17EDF007ED6C8 /* SwiftKeychainWrapper */,
				24F41C0E25A558FC007981A7 /* TextView */,
				24447EC725A676DF003B3EDD /* ASCollectionViewDynamic */,
			);
			productName = "Social Setting";
			productReference = 2407A7AB259E6FAC00B20C39 /* Social Setting.app */;
			productType = "com.apple.product-type.application";
		};
/* End PBXNativeTarget section */

/* Begin PBXProject section */
		2407A7A3259E6FAC00B20C39 /* Project object */ = {
			isa = PBXProject;
			attributes = {
				LastSwiftUpdateCheck = 1230;
				LastUpgradeCheck = 1230;
				TargetAttributes = {
					2407A7AA259E6FAC00B20C39 = {
						CreatedOnToolsVersion = 12.3;
					};
				};
			};
			buildConfigurationList = 2407A7A6259E6FAC00B20C39 /* Build configuration list for PBXProject "Social Setting" */;
			compatibilityVersion = "Xcode 9.3";
			developmentRegion = en;
			hasScannedForEncodings = 0;
			knownRegions = (
				en,
				Base,
			);
			mainGroup = 2407A7A2259E6FAC00B20C39;
			packageReferences = (
				2407A7D0259E76DF00B20C39 /* XCRemoteSwiftPackageReference "iTextField" */,
				244F4DA925A17EDF007ED6C8 /* XCRemoteSwiftPackageReference "SwiftKeychainWrapper" */,
				24F41C0D25A558FC007981A7 /* XCRemoteSwiftPackageReference "TextView" */,
				24447EC625A676DF003B3EDD /* XCRemoteSwiftPackageReference "ASCollectionView" */,
			);
			productRefGroup = 2407A7AC259E6FAC00B20C39 /* Products */;
			projectDirPath = "";
			projectRoot = "";
			targets = (
				2407A7AA259E6FAC00B20C39 /* Social Setting */,
			);
		};
/* End PBXProject section */

/* Begin PBXResourcesBuildPhase section */
		2407A7A9259E6FAC00B20C39 /* Resources */ = {
			isa = PBXResourcesBuildPhase;
			buildActionMask = 2147483647;
			files = (
				2407A7B6259E6FAD00B20C39 /* Preview Assets.xcassets in Resources */,
				2407A7B3259E6FAD00B20C39 /* Assets.xcassets in Resources */,
			);
			runOnlyForDeploymentPostprocessing = 0;
		};
/* End PBXResourcesBuildPhase section */

/* Begin PBXSourcesBuildPhase section */
		2407A7A7259E6FAC00B20C39 /* Sources */ = {
			isa = PBXSourcesBuildPhase;
			buildActionMask = 2147483647;
			files = (
				240FCC8925A4DC1300657F76 /* FeedView.swift in Sources */,
				247B8D8725A3D7A800364C9F /* ServiceErrorMessage.swift in Sources */,
				24C2D4EF25B6B0CA00D68E4D /* CommentPopupHelper.swift in Sources */,
				249AB51D25A01D580093BE80 /* NetworkManager.swift in Sources */,
				24F41C1525A568F5007981A7 /* VoteRequest.swift in Sources */,
				247B8D9E25A3DFB200364C9F /* AuthenticationError.swift in Sources */,
				241C790025A7BBCF000BEAAD /* AlternativeButtonView.swift in Sources */,
				240FCC8D25A4DE8200657F76 /* PostFeedView.swift in Sources */,
				249A015625B0079C00508CD5 /* CommentResponse.swift in Sources */,
				249A015A25B0084A00508CD5 /* CommentFeedResponse.swift in Sources */,
				2435BA2025A9783300E6A99D /* Vibrate.swift in Sources */,
				24F41BF525A4FF4F007981A7 /* UserFeedEndpoint.swift in Sources */,
				247B8D9525A3D92600364C9F /* URLSession+Publisher.swift in Sources */,
				249AB51A25A01CB60093BE80 /* SocialSettingAPI.swift in Sources */,
				24D99D6325AE889C00BFE9EF /* UserDefaults+Object.swift in Sources */,
				249428AC25A43019002C4D6D /* Response.swift in Sources */,
				24F41C0825A55721007981A7 /* PostRequest.swift in Sources */,
				24122F2E25A9260000C0340C /* PostCommentView.swift in Sources */,
				2436D25B25A2A47E001D86A0 /* SubSettingResponse.swift in Sources */,
				2407A7B8259E6FAD00B20C39 /* Persistence.swift in Sources */,
				24F41BEE25A4FE0F007981A7 /* FeedViewModel.swift in Sources */,
				24D99D6525AE9B6800BFE9EF /* PostCreateViewModel.swift in Sources */,
				249A015425B0075900508CD5 /* CommentRequest.swift in Sources */,
				24F41C0425A556D9007981A7 /* PostCreateView.swift in Sources */,
				24F41BFA25A5050D007981A7 /* MockData.swift in Sources */,
				24E9B045259ECAC3006D1DBB /* NetworkError.swift in Sources */,
				2436D24725A243A6001D86A0 /* VerifyCodeView.swift in Sources */,
				2464CD1825AC175A00CFF156 /* PostCreateSubscriptionListView.swift in Sources */,
				24E9B02D259EBA63006D1DBB /* VerifyCodeRequest.swift in Sources */,
				24E9B01E259EB6BE006D1DBB /* SignInRequest.swift in Sources */,
				247B8D8A25A3D7D200364C9F /* ServiceError.swift in Sources */,
				241C78FE25A79008000BEAAD /* PostDeleteView.swift in Sources */,
				24E9B00C259E874B006D1DBB /* DynamicBackground.swift in Sources */,
				240FCCA325A4E63F00657F76 /* PostContextMenu.swift in Sources */,
				24E9B014259E8EAF006D1DBB /* DismissingKeyboard.swift in Sources */,
				244F4DAE25A17F2B007ED6C8 /* AuthTokenProtocol.swift in Sources */,
				2407A7C5259E703300B20C39 /* SignInView.swift in Sources */,
				249428BC25A43889002C4D6D /* Encodable+Data.swift in Sources */,
				2407A7B1259E6FAC00B20C39 /* ContentView.swift in Sources */,
				24E9B01A259EB5F4006D1DBB /* SignUpRequeest.swift in Sources */,
				24F41C1225A56161007981A7 /* PostEndpoint.swift in Sources */,
				240FCC8525A4DB3900657F76 /* MainTabView.swift in Sources */,
				249A015125B0067400508CD5 /* CommentEndpoint.swift in Sources */,
				247B8D9B25A3DE4B00364C9F /* Authenticator.swift in Sources */,
				24E9B010259E8E39006D1DBB /* SignUpView.swift in Sources */,
				249AB52025A020C20093BE80 /* SignUpResponse.swift in Sources */,
				240FCC9A25A4E10B00657F76 /* PostHeadView.swift in Sources */,
				2407A7CD259E729000B20C39 /* Color+Theme.swift in Sources */,
				249428B225A43171002C4D6D /* SubSettingFeedEndpoint.swift in Sources */,
				2436D25F25A2C74C001D86A0 /* RefreshTokenRequest.swift in Sources */,
				24D99D6125AE5D3800BFE9EF /* PostCreateSubscriptionListViewModel.swift in Sources */,
				24E9AFFC259E7905006D1DBB /* AuthViewModel.swift in Sources */,
				24308EE725B76C7A00551333 /* DisableModalDismiss.swift in Sources */,
				244F4DBE25A1A073007ED6C8 /* AuthEndpoint.swift in Sources */,
				2407A7AF259E6FAC00B20C39 /* Social_SettingApp.swift in Sources */,
				24E9B004259E8315006D1DBB /* AltButtonView.swift in Sources */,
				24447EC525A6761D003B3EDD /* FeedViewAlt.swift in Sources */,
				2464CD1625AC10CB00CFF156 /* SubscriptionEndpoint.swift in Sources */,
				2436D25525A2A2FA001D86A0 /* PostResponse.swift in Sources */,
				24308EE125B75CF500551333 /* ProgressBar.swift in Sources */,
				2407A7D9259E777400B20C39 /* StandardInputView.swift in Sources */,
				24F41C0B25A55872007981A7 /* PostViewModel.swift in Sources */,
				240FCC9D25A4E33E00657F76 /* PostBodyView.swift in Sources */,
				24C2D4EA25B69E3E00D68E4D /* PostCommentReplyPreview.swift in Sources */,
				24C2D4EC25B6A66D00D68E4D /* CommentRequestHelper.swift in Sources */,
				24E9B000259E80EC006D1DBB /* MainButtonView.swift in Sources */,
				247B8D7D25A3B8B200364C9F /* AuthenticationResponse.swift in Sources */,
				240FCC9625A4DFAE00657F76 /* ProfileImage.swift in Sources */,
				2436D24B25A2A274001D86A0 /* SubSettingFeedResponse.swift in Sources */,
				247B8D8E25A3D80E00364C9F /* NetworkSession.swift in Sources */,
				249A015C25B00CBF00508CD5 /* PostCommentViewModel.swift in Sources */,
				2407A7BB259E6FAD00B20C39 /* Social_Setting.xcdatamodeld in Sources */,
				240FCCA025A4E5F300657F76 /* PostHButtonView.swift in Sources */,
				24F41C0125A5220D007981A7 /* PostSeperator.swift in Sources */,
				244F4DA525A17CC1007ED6C8 /* MainRouter.swift in Sources */,
				24A19E1C25B60F19002DFAB5 /* PostCreateCommentView.swift in Sources */,
				24F41BFE25A51D43007981A7 /* PostGroupBoxStyle.swift in Sources */,
			);
			runOnlyForDeploymentPostprocessing = 0;
		};
/* End PBXSourcesBuildPhase section */

/* Begin XCBuildConfiguration section */
		2407A7BD259E6FAD00B20C39 /* Debug */ = {
			isa = XCBuildConfiguration;
			buildSettings = {
				ALWAYS_SEARCH_USER_PATHS = NO;
				CLANG_ANALYZER_NONNULL = YES;
				CLANG_ANALYZER_NUMBER_OBJECT_CONVERSION = YES_AGGRESSIVE;
				CLANG_CXX_LANGUAGE_STANDARD = "gnu++14";
				CLANG_CXX_LIBRARY = "libc++";
				CLANG_ENABLE_MODULES = YES;
				CLANG_ENABLE_OBJC_ARC = YES;
				CLANG_ENABLE_OBJC_WEAK = YES;
				CLANG_WARN_BLOCK_CAPTURE_AUTORELEASING = YES;
				CLANG_WARN_BOOL_CONVERSION = YES;
				CLANG_WARN_COMMA = YES;
				CLANG_WARN_CONSTANT_CONVERSION = YES;
				CLANG_WARN_DEPRECATED_OBJC_IMPLEMENTATIONS = YES;
				CLANG_WARN_DIRECT_OBJC_ISA_USAGE = YES_ERROR;
				CLANG_WARN_DOCUMENTATION_COMMENTS = YES;
				CLANG_WARN_EMPTY_BODY = YES;
				CLANG_WARN_ENUM_CONVERSION = YES;
				CLANG_WARN_INFINITE_RECURSION = YES;
				CLANG_WARN_INT_CONVERSION = YES;
				CLANG_WARN_NON_LITERAL_NULL_CONVERSION = YES;
				CLANG_WARN_OBJC_IMPLICIT_RETAIN_SELF = YES;
				CLANG_WARN_OBJC_LITERAL_CONVERSION = YES;
				CLANG_WARN_OBJC_ROOT_CLASS = YES_ERROR;
				CLANG_WARN_QUOTED_INCLUDE_IN_FRAMEWORK_HEADER = YES;
				CLANG_WARN_RANGE_LOOP_ANALYSIS = YES;
				CLANG_WARN_STRICT_PROTOTYPES = YES;
				CLANG_WARN_SUSPICIOUS_MOVE = YES;
				CLANG_WARN_UNGUARDED_AVAILABILITY = YES_AGGRESSIVE;
				CLANG_WARN_UNREACHABLE_CODE = YES;
				CLANG_WARN__DUPLICATE_METHOD_MATCH = YES;
				COPY_PHASE_STRIP = NO;
				DEBUG_INFORMATION_FORMAT = dwarf;
				ENABLE_STRICT_OBJC_MSGSEND = YES;
				ENABLE_TESTABILITY = YES;
				GCC_C_LANGUAGE_STANDARD = gnu11;
				GCC_DYNAMIC_NO_PIC = NO;
				GCC_NO_COMMON_BLOCKS = YES;
				GCC_OPTIMIZATION_LEVEL = 0;
				GCC_PREPROCESSOR_DEFINITIONS = (
					"DEBUG=1",
					"$(inherited)",
				);
				GCC_WARN_64_TO_32_BIT_CONVERSION = YES;
				GCC_WARN_ABOUT_RETURN_TYPE = YES_ERROR;
				GCC_WARN_UNDECLARED_SELECTOR = YES;
				GCC_WARN_UNINITIALIZED_AUTOS = YES_AGGRESSIVE;
				GCC_WARN_UNUSED_FUNCTION = YES;
				GCC_WARN_UNUSED_VARIABLE = YES;
				IPHONEOS_DEPLOYMENT_TARGET = 14.3;
				MTL_ENABLE_DEBUG_INFO = INCLUDE_SOURCE;
				MTL_FAST_MATH = YES;
				ONLY_ACTIVE_ARCH = YES;
				SDKROOT = iphoneos;
				SWIFT_ACTIVE_COMPILATION_CONDITIONS = DEBUG;
				SWIFT_OPTIMIZATION_LEVEL = "-Onone";
			};
			name = Debug;
		};
		2407A7BE259E6FAD00B20C39 /* Release */ = {
			isa = XCBuildConfiguration;
			buildSettings = {
				ALWAYS_SEARCH_USER_PATHS = NO;
				CLANG_ANALYZER_NONNULL = YES;
				CLANG_ANALYZER_NUMBER_OBJECT_CONVERSION = YES_AGGRESSIVE;
				CLANG_CXX_LANGUAGE_STANDARD = "gnu++14";
				CLANG_CXX_LIBRARY = "libc++";
				CLANG_ENABLE_MODULES = YES;
				CLANG_ENABLE_OBJC_ARC = YES;
				CLANG_ENABLE_OBJC_WEAK = YES;
				CLANG_WARN_BLOCK_CAPTURE_AUTORELEASING = YES;
				CLANG_WARN_BOOL_CONVERSION = YES;
				CLANG_WARN_COMMA = YES;
				CLANG_WARN_CONSTANT_CONVERSION = YES;
				CLANG_WARN_DEPRECATED_OBJC_IMPLEMENTATIONS = YES;
				CLANG_WARN_DIRECT_OBJC_ISA_USAGE = YES_ERROR;
				CLANG_WARN_DOCUMENTATION_COMMENTS = YES;
				CLANG_WARN_EMPTY_BODY = YES;
				CLANG_WARN_ENUM_CONVERSION = YES;
				CLANG_WARN_INFINITE_RECURSION = YES;
				CLANG_WARN_INT_CONVERSION = YES;
				CLANG_WARN_NON_LITERAL_NULL_CONVERSION = YES;
				CLANG_WARN_OBJC_IMPLICIT_RETAIN_SELF = YES;
				CLANG_WARN_OBJC_LITERAL_CONVERSION = YES;
				CLANG_WARN_OBJC_ROOT_CLASS = YES_ERROR;
				CLANG_WARN_QUOTED_INCLUDE_IN_FRAMEWORK_HEADER = YES;
				CLANG_WARN_RANGE_LOOP_ANALYSIS = YES;
				CLANG_WARN_STRICT_PROTOTYPES = YES;
				CLANG_WARN_SUSPICIOUS_MOVE = YES;
				CLANG_WARN_UNGUARDED_AVAILABILITY = YES_AGGRESSIVE;
				CLANG_WARN_UNREACHABLE_CODE = YES;
				CLANG_WARN__DUPLICATE_METHOD_MATCH = YES;
				COPY_PHASE_STRIP = NO;
				DEBUG_INFORMATION_FORMAT = "dwarf-with-dsym";
				ENABLE_NS_ASSERTIONS = NO;
				ENABLE_STRICT_OBJC_MSGSEND = YES;
				GCC_C_LANGUAGE_STANDARD = gnu11;
				GCC_NO_COMMON_BLOCKS = YES;
				GCC_WARN_64_TO_32_BIT_CONVERSION = YES;
				GCC_WARN_ABOUT_RETURN_TYPE = YES_ERROR;
				GCC_WARN_UNDECLARED_SELECTOR = YES;
				GCC_WARN_UNINITIALIZED_AUTOS = YES_AGGRESSIVE;
				GCC_WARN_UNUSED_FUNCTION = YES;
				GCC_WARN_UNUSED_VARIABLE = YES;
				IPHONEOS_DEPLOYMENT_TARGET = 14.3;
				MTL_ENABLE_DEBUG_INFO = NO;
				MTL_FAST_MATH = YES;
				SDKROOT = iphoneos;
				SWIFT_COMPILATION_MODE = wholemodule;
				SWIFT_OPTIMIZATION_LEVEL = "-O";
				VALIDATE_PRODUCT = YES;
			};
			name = Release;
		};
		2407A7C0259E6FAD00B20C39 /* Debug */ = {
			isa = XCBuildConfiguration;
			buildSettings = {
				ASSETCATALOG_COMPILER_APPICON_NAME = AppIcon;
				ASSETCATALOG_COMPILER_GLOBAL_ACCENT_COLOR_NAME = AccentColor;
				CODE_SIGN_STYLE = Automatic;
				DEVELOPMENT_ASSET_PATHS = "\"Social Setting/Preview Content\"";
				DEVELOPMENT_TEAM = LZ3JY4ULL9;
				ENABLE_PREVIEWS = YES;
				INFOPLIST_FILE = "Social Setting/Info.plist";
				IPHONEOS_DEPLOYMENT_TARGET = 14.0;
				LD_RUNPATH_SEARCH_PATHS = (
					"$(inherited)",
					"@executable_path/Frameworks",
				);
				PRODUCT_BUNDLE_IDENTIFIER = "mettaworldj.com.Social-Setting";
				PRODUCT_NAME = "$(TARGET_NAME)";
				SWIFT_VERSION = 5.0;
				TARGETED_DEVICE_FAMILY = "1,2";
			};
			name = Debug;
		};
		2407A7C1259E6FAD00B20C39 /* Release */ = {
			isa = XCBuildConfiguration;
			buildSettings = {
				ASSETCATALOG_COMPILER_APPICON_NAME = AppIcon;
				ASSETCATALOG_COMPILER_GLOBAL_ACCENT_COLOR_NAME = AccentColor;
				CODE_SIGN_STYLE = Automatic;
				DEVELOPMENT_ASSET_PATHS = "\"Social Setting/Preview Content\"";
				DEVELOPMENT_TEAM = LZ3JY4ULL9;
				ENABLE_PREVIEWS = YES;
				INFOPLIST_FILE = "Social Setting/Info.plist";
				IPHONEOS_DEPLOYMENT_TARGET = 14.0;
				LD_RUNPATH_SEARCH_PATHS = (
					"$(inherited)",
					"@executable_path/Frameworks",
				);
				PRODUCT_BUNDLE_IDENTIFIER = "mettaworldj.com.Social-Setting";
				PRODUCT_NAME = "$(TARGET_NAME)";
				SWIFT_VERSION = 5.0;
				TARGETED_DEVICE_FAMILY = "1,2";
			};
			name = Release;
		};
/* End XCBuildConfiguration section */

/* Begin XCConfigurationList section */
		2407A7A6259E6FAC00B20C39 /* Build configuration list for PBXProject "Social Setting" */ = {
			isa = XCConfigurationList;
			buildConfigurations = (
				2407A7BD259E6FAD00B20C39 /* Debug */,
				2407A7BE259E6FAD00B20C39 /* Release */,
			);
			defaultConfigurationIsVisible = 0;
			defaultConfigurationName = Release;
		};
		2407A7BF259E6FAD00B20C39 /* Build configuration list for PBXNativeTarget "Social Setting" */ = {
			isa = XCConfigurationList;
			buildConfigurations = (
				2407A7C0259E6FAD00B20C39 /* Debug */,
				2407A7C1259E6FAD00B20C39 /* Release */,
			);
			defaultConfigurationIsVisible = 0;
			defaultConfigurationName = Release;
		};
/* End XCConfigurationList section */

/* Begin XCRemoteSwiftPackageReference section */
		2407A7D0259E76DF00B20C39 /* XCRemoteSwiftPackageReference "iTextField" */ = {
			isa = XCRemoteSwiftPackageReference;
			repositoryURL = "https://github.com/benjaminsage/iTextField.git";
			requirement = {
				kind = upToNextMajorVersion;
				minimumVersion = 0.0.5;
			};
		};
		24447EC625A676DF003B3EDD /* XCRemoteSwiftPackageReference "ASCollectionView" */ = {
			isa = XCRemoteSwiftPackageReference;
			repositoryURL = "https://github.com/apptekstudios/ASCollectionView.git";
			requirement = {
				kind = upToNextMajorVersion;
				minimumVersion = 1.7.1;
			};
		};
		244F4DA925A17EDF007ED6C8 /* XCRemoteSwiftPackageReference "SwiftKeychainWrapper" */ = {
			isa = XCRemoteSwiftPackageReference;
			repositoryURL = "https://github.com/jrendel/SwiftKeychainWrapper.git";
			requirement = {
				kind = upToNextMajorVersion;
				minimumVersion = 4.0.1;
			};
		};
		24F41C0D25A558FC007981A7 /* XCRemoteSwiftPackageReference "TextView" */ = {
			isa = XCRemoteSwiftPackageReference;
			repositoryURL = "https://github.com/kenmueller/TextView";
			requirement = {
				kind = upToNextMajorVersion;
				minimumVersion = 1.4.8;
			};
		};
/* End XCRemoteSwiftPackageReference section */

/* Begin XCSwiftPackageProductDependency section */
		2407A7D1259E76DF00B20C39 /* iTextField */ = {
			isa = XCSwiftPackageProductDependency;
			package = 2407A7D0259E76DF00B20C39 /* XCRemoteSwiftPackageReference "iTextField" */;
			productName = iTextField;
		};
		24447EC725A676DF003B3EDD /* ASCollectionViewDynamic */ = {
			isa = XCSwiftPackageProductDependency;
			package = 24447EC625A676DF003B3EDD /* XCRemoteSwiftPackageReference "ASCollectionView" */;
			productName = ASCollectionViewDynamic;
		};
		244F4DAA25A17EDF007ED6C8 /* SwiftKeychainWrapper */ = {
			isa = XCSwiftPackageProductDependency;
			package = 244F4DA925A17EDF007ED6C8 /* XCRemoteSwiftPackageReference "SwiftKeychainWrapper" */;
			productName = SwiftKeychainWrapper;
		};
		24F41C0E25A558FC007981A7 /* TextView */ = {
			isa = XCSwiftPackageProductDependency;
			package = 24F41C0D25A558FC007981A7 /* XCRemoteSwiftPackageReference "TextView" */;
			productName = TextView;
		};
/* End XCSwiftPackageProductDependency section */

/* Begin XCVersionGroup section */
		2407A7B9259E6FAD00B20C39 /* Social_Setting.xcdatamodeld */ = {
			isa = XCVersionGroup;
			children = (
				2407A7BA259E6FAD00B20C39 /* Social_Setting.xcdatamodel */,
			);
			currentVersion = 2407A7BA259E6FAD00B20C39 /* Social_Setting.xcdatamodel */;
			path = Social_Setting.xcdatamodeld;
			sourceTree = "<group>";
			versionGroupType = wrapper.xcdatamodel;
		};
/* End XCVersionGroup section */
	};
	rootObject = 2407A7A3259E6FAC00B20C39 /* Project object */;
}
