// !$*UTF8*$!
{
	archiveVersion = 1;
	classes = {
	};
	objectVersion = 52;
	objects = {

/* Begin PBXBuildFile section */
		2403664E25380B780067B3E3 /* SearchBar.swift in Sources */ = {isa = PBXBuildFile; fileRef = 2403664D25380B780067B3E3 /* SearchBar.swift */; };
		2405471C25781E0800791BB9 /* AuthNetwork.swift in Sources */ = {isa = PBXBuildFile; fileRef = 2405471B25781E0800791BB9 /* AuthNetwork.swift */; };
		240547222578290100791BB9 /* VerificationCodeModel.swift in Sources */ = {isa = PBXBuildFile; fileRef = 240547212578290100791BB9 /* VerificationCodeModel.swift */; };
		24087D7B253D3DE80079D83E /* ProfileImage.swift in Sources */ = {isa = PBXBuildFile; fileRef = 24087D7A253D3DE80079D83E /* ProfileImage.swift */; };
		241324B2254085BE00CFCD32 /* NetworkResponseError.swift in Sources */ = {isa = PBXBuildFile; fileRef = 241324B1254085BE00CFCD32 /* NetworkResponseError.swift */; };
		241324B625409B6300CFCD32 /* NetworkError.swift in Sources */ = {isa = PBXBuildFile; fileRef = 241324B525409B6300CFCD32 /* NetworkError.swift */; };
		24191BF42553C11A0061682B /* BaseNetworkProtocol.swift in Sources */ = {isa = PBXBuildFile; fileRef = 24191BF32553C11A0061682B /* BaseNetworkProtocol.swift */; };
		2430BC6325377FE300506696 /* AltNavigationLinkView.swift in Sources */ = {isa = PBXBuildFile; fileRef = 2430BC6225377FE300506696 /* AltNavigationLinkView.swift */; };
		2430BC66253783DC00506696 /* DismissingKeyboard.swift in Sources */ = {isa = PBXBuildFile; fileRef = 2430BC65253783DC00506696 /* DismissingKeyboard.swift */; };
		243589EC254495E700C62EB2 /* SearchControllerProviderModifier.swift in Sources */ = {isa = PBXBuildFile; fileRef = 243589EB254495E700C62EB2 /* SearchControllerProviderModifier.swift */; };
		2439E3DC2536ADF30006993D /* MainNavigationLinkView.swift in Sources */ = {isa = PBXBuildFile; fileRef = 2439E3DB2536ADF30006993D /* MainNavigationLinkView.swift */; };
		243C863C253932F400C79654 /* MainTabView.swift in Sources */ = {isa = PBXBuildFile; fileRef = 243C863B253932F400C79654 /* MainTabView.swift */; };
		243C9A932572C6B400DAEA35 /* UserProfileFeedResponseModel.swift in Sources */ = {isa = PBXBuildFile; fileRef = 243C9A922572C6B400DAEA35 /* UserProfileFeedResponseModel.swift */; };
		244239B72555073B0031B0C8 /* ProfileView.swift in Sources */ = {isa = PBXBuildFile; fileRef = 244239B62555073B0031B0C8 /* ProfileView.swift */; };
		24459DF2255A02AF005455CE /* UserProfileResponseModel.swift in Sources */ = {isa = PBXBuildFile; fileRef = 24459DF1255A02AF005455CE /* UserProfileResponseModel.swift */; };
		2447EA0E255246250097D8A9 /* DateFormatter+Etx.swift in Sources */ = {isa = PBXBuildFile; fileRef = 2447EA0D255246250097D8A9 /* DateFormatter+Etx.swift */; };
		2447EA11255247BF0097D8A9 /* JSONDecoder+Etx.swift in Sources */ = {isa = PBXBuildFile; fileRef = 2447EA10255247BF0097D8A9 /* JSONDecoder+Etx.swift */; };
		2447EA14255248510097D8A9 /* JSONEncoder+Etx.swift in Sources */ = {isa = PBXBuildFile; fileRef = 2447EA13255248510097D8A9 /* JSONEncoder+Etx.swift */; };
		2447EA1B2552666B0097D8A9 /* AuthRequestTokenModel.swift in Sources */ = {isa = PBXBuildFile; fileRef = 2447EA1A2552666B0097D8A9 /* AuthRequestTokenModel.swift */; };
		244D93EA25366C4800664444 /* Social_SettingApp.swift in Sources */ = {isa = PBXBuildFile; fileRef = 244D93E925366C4800664444 /* Social_SettingApp.swift */; };
		244D93EE25366C4800664444 /* Assets.xcassets in Resources */ = {isa = PBXBuildFile; fileRef = 244D93ED25366C4800664444 /* Assets.xcassets */; };
		244D93F125366C4800664444 /* Preview Assets.xcassets in Resources */ = {isa = PBXBuildFile; fileRef = 244D93F025366C4800664444 /* Preview Assets.xcassets */; };
		244D93F325366C4800664444 /* Persistence.swift in Sources */ = {isa = PBXBuildFile; fileRef = 244D93F225366C4800664444 /* Persistence.swift */; };
		244D93F625366C4800664444 /* Social_Setting.xcdatamodeld in Sources */ = {isa = PBXBuildFile; fileRef = 244D93F425366C4800664444 /* Social_Setting.xcdatamodeld */; };
		244D940025366D8F00664444 /* SignInView.swift in Sources */ = {isa = PBXBuildFile; fileRef = 244D93FF25366D8F00664444 /* SignInView.swift */; };
		244D940725366FB500664444 /* Color+Theme.swift in Sources */ = {isa = PBXBuildFile; fileRef = 244D940625366FB500664444 /* Color+Theme.swift */; };
		244D940B253676BE00664444 /* BindingProvider.swift in Sources */ = {isa = PBXBuildFile; fileRef = 244D940A253676BE00664444 /* BindingProvider.swift */; };
		244EDB8D25378501006DB2F1 /* SignUpView.swift in Sources */ = {isa = PBXBuildFile; fileRef = 244EDB8C25378501006DB2F1 /* SignUpView.swift */; };
		24662171253BFC1700A08CBD /* Separator.swift in Sources */ = {isa = PBXBuildFile; fileRef = 24662170253BFC1700A08CBD /* Separator.swift */; };
		2468FDEC2538056E00E6DEC7 /* HideRowSeparatorModifier.swift in Sources */ = {isa = PBXBuildFile; fileRef = 2468FDEB2538056E00E6DEC7 /* HideRowSeparatorModifier.swift */; };
		2468FDF425380A5600E6DEC7 /* ViewControllerResolver.swift in Sources */ = {isa = PBXBuildFile; fileRef = 2468FDF325380A5600E6DEC7 /* ViewControllerResolver.swift */; };
		247B49AC2571FBB700890AE6 /* Network.swift in Sources */ = {isa = PBXBuildFile; fileRef = 247B49AB2571FBB700890AE6 /* Network.swift */; };
		247B49AF2571FD2600890AE6 /* FeedNetwork.swift in Sources */ = {isa = PBXBuildFile; fileRef = 247B49AE2571FD2600890AE6 /* FeedNetwork.swift */; };
		247B49B32571FD9200890AE6 /* PostNetwork.swift in Sources */ = {isa = PBXBuildFile; fileRef = 247B49B22571FD9200890AE6 /* PostNetwork.swift */; };
		2483B7162537C3B9004E6DC0 /* FeedView.swift in Sources */ = {isa = PBXBuildFile; fileRef = 2483B7152537C3B9004E6DC0 /* FeedView.swift */; };
		2483B71A2537E3C7004E6DC0 /* PostContentView.swift in Sources */ = {isa = PBXBuildFile; fileRef = 2483B7192537E3C7004E6DC0 /* PostContentView.swift */; };
		24949626254C843F00EBFD86 /* ActionSheetView.swift in Sources */ = {isa = PBXBuildFile; fileRef = 24949625254C843F00EBFD86 /* ActionSheetView.swift */; };
		24949629254D19FB00EBFD86 /* RefreshTokenRequestModel.swift in Sources */ = {isa = PBXBuildFile; fileRef = 24949628254D19FB00EBFD86 /* RefreshTokenRequestModel.swift */; };
		249BA9DA254E73C100E4E2B3 /* CustomNavigationLinkView.swift in Sources */ = {isa = PBXBuildFile; fileRef = 249BA9D9254E73C100E4E2B3 /* CustomNavigationLinkView.swift */; };
		249BA9DD254E85BC00E4E2B3 /* UIDevice+Etx.swift in Sources */ = {isa = PBXBuildFile; fileRef = 249BA9DC254E85BC00E4E2B3 /* UIDevice+Etx.swift */; };
		249CD7CD253A577500C516A8 /* NormalPostView.swift in Sources */ = {isa = PBXBuildFile; fileRef = 249CD7CC253A577500C516A8 /* NormalPostView.swift */; };
		249CD7D5253A993500C516A8 /* SignUpRequestModel.swift in Sources */ = {isa = PBXBuildFile; fileRef = 249CD7D4253A993500C516A8 /* SignUpRequestModel.swift */; };
		249CD7D9253A9A6400C516A8 /* SignInRequestModel.swift in Sources */ = {isa = PBXBuildFile; fileRef = 249CD7D8253A9A6400C516A8 /* SignInRequestModel.swift */; };
		249CD7E0253A9ECC00C516A8 /* AuthResponseModel.swift in Sources */ = {isa = PBXBuildFile; fileRef = 249CD7DF253A9ECC00C516A8 /* AuthResponseModel.swift */; };
		249CD7E5253AA4F000C516A8 /* SecureCodeView.swift in Sources */ = {isa = PBXBuildFile; fileRef = 249CD7E4253AA4F000C516A8 /* SecureCodeView.swift */; };
		249CD7E9253AAA1D00C516A8 /* SSTextView.swift in Sources */ = {isa = PBXBuildFile; fileRef = 249CD7E8253AAA1D00C516A8 /* SSTextView.swift */; };
		249D8AA52572CDBF00691FA7 /* ProfileViewModel.swift in Sources */ = {isa = PBXBuildFile; fileRef = 249D8AA42572CDBF00691FA7 /* ProfileViewModel.swift */; };
		249FA37C25439F1A000453E5 /* String+Etx.swift in Sources */ = {isa = PBXBuildFile; fileRef = 249FA37B25439F1A000453E5 /* String+Etx.swift */; };
		249FA37F2543A2D2000453E5 /* FeedViewModel.swift in Sources */ = {isa = PBXBuildFile; fileRef = 249FA37E2543A2D2000453E5 /* FeedViewModel.swift */; };
		249FA3862543A3B8000453E5 /* PostResponseModel.swift in Sources */ = {isa = PBXBuildFile; fileRef = 249FA3852543A3B8000453E5 /* PostResponseModel.swift */; };
		249FA38A2543A8BD000453E5 /* PostRequestModel.swift in Sources */ = {isa = PBXBuildFile; fileRef = 249FA3892543A8BD000453E5 /* PostRequestModel.swift */; };
		24A06D2F2579A36B006F4770 /* TopicPostView.swift in Sources */ = {isa = PBXBuildFile; fileRef = 24A06D2E2579A36B006F4770 /* TopicPostView.swift */; };
		24A79969253E197E00CC83D1 /* SwiftKeychainWrapper in Frameworks */ = {isa = PBXBuildFile; productRef = 24A79968253E197E00CC83D1 /* SwiftKeychainWrapper */; };
		24A79998253E29B400CC83D1 /* MainRoute.swift in Sources */ = {isa = PBXBuildFile; fileRef = 24A79997253E29B400CC83D1 /* MainRoute.swift */; };
		24A7999D253E2A7900CC83D1 /* AuthViewModel.swift in Sources */ = {isa = PBXBuildFile; fileRef = 24A7999C253E2A7900CC83D1 /* AuthViewModel.swift */; };
		24A799A1253E871100CC83D1 /* AnimationCompletionObserverModifier.swift in Sources */ = {isa = PBXBuildFile; fileRef = 24A799A0253E871100CC83D1 /* AnimationCompletionObserverModifier.swift */; };
		24BF8C7E254B20CA004AD158 /* PostViewModel.swift in Sources */ = {isa = PBXBuildFile; fileRef = 24BF8C7D254B20CA004AD158 /* PostViewModel.swift */; };
		24BF8C81254B6700004AD158 /* PostContextMenu.swift in Sources */ = {isa = PBXBuildFile; fileRef = 24BF8C80254B6700004AD158 /* PostContextMenu.swift */; };
		24BF8C87254BBA1C004AD158 /* SelectedPostView.swift in Sources */ = {isa = PBXBuildFile; fileRef = 24BF8C86254BBA1B004AD158 /* SelectedPostView.swift */; };
		24C11A5E254689C700B5B362 /* iTextField in Frameworks */ = {isa = PBXBuildFile; productRef = 24C11A5D254689C700B5B362 /* iTextField */; };
		24EAAD372547440E00479152 /* CreatePostView.swift in Sources */ = {isa = PBXBuildFile; fileRef = 24EAAD362547440E00479152 /* CreatePostView.swift */; };
		24EAAD8E2547783C00479152 /* SSMarkDownView.swift in Sources */ = {isa = PBXBuildFile; fileRef = 24EAAD8D2547783C00479152 /* SSMarkDownView.swift */; };
		24EAAD9225477FA700479152 /* SwiftyMarkdown in Frameworks */ = {isa = PBXBuildFile; productRef = 24EAAD9125477FA700479152 /* SwiftyMarkdown */; };
		24EAADA62547BECF00479152 /* TextView in Frameworks */ = {isa = PBXBuildFile; productRef = 24EAADA52547BECF00479152 /* TextView */; };
		24F95CFC254FC1AF00D1800B /* Introspect in Frameworks */ = {isa = PBXBuildFile; productRef = 24F95CFB254FC1AF00D1800B /* Introspect */; };
/* End PBXBuildFile section */

/* Begin PBXFileReference section */
		2403664D25380B780067B3E3 /* SearchBar.swift */ = {isa = PBXFileReference; lastKnownFileType = sourcecode.swift; path = SearchBar.swift; sourceTree = "<group>"; };
		2405471B25781E0800791BB9 /* AuthNetwork.swift */ = {isa = PBXFileReference; lastKnownFileType = sourcecode.swift; path = AuthNetwork.swift; sourceTree = "<group>"; };
		240547212578290100791BB9 /* VerificationCodeModel.swift */ = {isa = PBXFileReference; lastKnownFileType = sourcecode.swift; path = VerificationCodeModel.swift; sourceTree = "<group>"; };
		24087D7A253D3DE80079D83E /* ProfileImage.swift */ = {isa = PBXFileReference; lastKnownFileType = sourcecode.swift; path = ProfileImage.swift; sourceTree = "<group>"; };
		241324B1254085BE00CFCD32 /* NetworkResponseError.swift */ = {isa = PBXFileReference; lastKnownFileType = sourcecode.swift; path = NetworkResponseError.swift; sourceTree = "<group>"; };
		241324B525409B6300CFCD32 /* NetworkError.swift */ = {isa = PBXFileReference; lastKnownFileType = sourcecode.swift; path = NetworkError.swift; sourceTree = "<group>"; };
		24191BF32553C11A0061682B /* BaseNetworkProtocol.swift */ = {isa = PBXFileReference; lastKnownFileType = sourcecode.swift; path = BaseNetworkProtocol.swift; sourceTree = "<group>"; };
		2430BC6225377FE300506696 /* AltNavigationLinkView.swift */ = {isa = PBXFileReference; lastKnownFileType = sourcecode.swift; path = AltNavigationLinkView.swift; sourceTree = "<group>"; };
		2430BC65253783DC00506696 /* DismissingKeyboard.swift */ = {isa = PBXFileReference; lastKnownFileType = sourcecode.swift; path = DismissingKeyboard.swift; sourceTree = "<group>"; };
		243589EB254495E700C62EB2 /* SearchControllerProviderModifier.swift */ = {isa = PBXFileReference; lastKnownFileType = sourcecode.swift; path = SearchControllerProviderModifier.swift; sourceTree = "<group>"; };
		2439E3DB2536ADF30006993D /* MainNavigationLinkView.swift */ = {isa = PBXFileReference; lastKnownFileType = sourcecode.swift; path = MainNavigationLinkView.swift; sourceTree = "<group>"; };
		243C863B253932F400C79654 /* MainTabView.swift */ = {isa = PBXFileReference; lastKnownFileType = sourcecode.swift; path = MainTabView.swift; sourceTree = "<group>"; };
		243C9A922572C6B400DAEA35 /* UserProfileFeedResponseModel.swift */ = {isa = PBXFileReference; lastKnownFileType = sourcecode.swift; path = UserProfileFeedResponseModel.swift; sourceTree = "<group>"; };
		244239B62555073B0031B0C8 /* ProfileView.swift */ = {isa = PBXFileReference; fileEncoding = 4; lastKnownFileType = sourcecode.swift; path = ProfileView.swift; sourceTree = "<group>"; };
		24459DF1255A02AF005455CE /* UserProfileResponseModel.swift */ = {isa = PBXFileReference; lastKnownFileType = sourcecode.swift; path = UserProfileResponseModel.swift; sourceTree = "<group>"; };
		2447EA0D255246250097D8A9 /* DateFormatter+Etx.swift */ = {isa = PBXFileReference; lastKnownFileType = sourcecode.swift; path = "DateFormatter+Etx.swift"; sourceTree = "<group>"; };
		2447EA10255247BF0097D8A9 /* JSONDecoder+Etx.swift */ = {isa = PBXFileReference; lastKnownFileType = sourcecode.swift; path = "JSONDecoder+Etx.swift"; sourceTree = "<group>"; };
		2447EA13255248510097D8A9 /* JSONEncoder+Etx.swift */ = {isa = PBXFileReference; lastKnownFileType = sourcecode.swift; path = "JSONEncoder+Etx.swift"; sourceTree = "<group>"; };
		2447EA1A2552666B0097D8A9 /* AuthRequestTokenModel.swift */ = {isa = PBXFileReference; lastKnownFileType = sourcecode.swift; path = AuthRequestTokenModel.swift; sourceTree = "<group>"; };
		244D93E625366C4800664444 /* Social Setting.app */ = {isa = PBXFileReference; explicitFileType = wrapper.application; includeInIndex = 0; path = "Social Setting.app"; sourceTree = BUILT_PRODUCTS_DIR; };
		244D93E925366C4800664444 /* Social_SettingApp.swift */ = {isa = PBXFileReference; lastKnownFileType = sourcecode.swift; path = Social_SettingApp.swift; sourceTree = "<group>"; };
		244D93ED25366C4800664444 /* Assets.xcassets */ = {isa = PBXFileReference; lastKnownFileType = folder.assetcatalog; path = Assets.xcassets; sourceTree = "<group>"; };
		244D93F025366C4800664444 /* Preview Assets.xcassets */ = {isa = PBXFileReference; lastKnownFileType = folder.assetcatalog; path = "Preview Assets.xcassets"; sourceTree = "<group>"; };
		244D93F225366C4800664444 /* Persistence.swift */ = {isa = PBXFileReference; lastKnownFileType = sourcecode.swift; path = Persistence.swift; sourceTree = "<group>"; };
		244D93F525366C4800664444 /* Social_Setting.xcdatamodel */ = {isa = PBXFileReference; lastKnownFileType = wrapper.xcdatamodel; path = Social_Setting.xcdatamodel; sourceTree = "<group>"; };
		244D93F725366C4800664444 /* Info.plist */ = {isa = PBXFileReference; lastKnownFileType = text.plist.xml; path = Info.plist; sourceTree = "<group>"; };
		244D93FF25366D8F00664444 /* SignInView.swift */ = {isa = PBXFileReference; lastKnownFileType = sourcecode.swift; path = SignInView.swift; sourceTree = "<group>"; };
		244D940625366FB500664444 /* Color+Theme.swift */ = {isa = PBXFileReference; lastKnownFileType = sourcecode.swift; path = "Color+Theme.swift"; sourceTree = "<group>"; };
		244D940A253676BE00664444 /* BindingProvider.swift */ = {isa = PBXFileReference; lastKnownFileType = sourcecode.swift; path = BindingProvider.swift; sourceTree = "<group>"; };
		244EDB8C25378501006DB2F1 /* SignUpView.swift */ = {isa = PBXFileReference; lastKnownFileType = sourcecode.swift; path = SignUpView.swift; sourceTree = "<group>"; };
		24662170253BFC1700A08CBD /* Separator.swift */ = {isa = PBXFileReference; lastKnownFileType = sourcecode.swift; path = Separator.swift; sourceTree = "<group>"; };
		2468FDEB2538056E00E6DEC7 /* HideRowSeparatorModifier.swift */ = {isa = PBXFileReference; lastKnownFileType = sourcecode.swift; path = HideRowSeparatorModifier.swift; sourceTree = "<group>"; };
		2468FDF325380A5600E6DEC7 /* ViewControllerResolver.swift */ = {isa = PBXFileReference; lastKnownFileType = sourcecode.swift; path = ViewControllerResolver.swift; sourceTree = "<group>"; };
		247B49AB2571FBB700890AE6 /* Network.swift */ = {isa = PBXFileReference; lastKnownFileType = sourcecode.swift; path = Network.swift; sourceTree = "<group>"; };
		247B49AE2571FD2600890AE6 /* FeedNetwork.swift */ = {isa = PBXFileReference; lastKnownFileType = sourcecode.swift; path = FeedNetwork.swift; sourceTree = "<group>"; };
		247B49B22571FD9200890AE6 /* PostNetwork.swift */ = {isa = PBXFileReference; lastKnownFileType = sourcecode.swift; path = PostNetwork.swift; sourceTree = "<group>"; };
		2483B7152537C3B9004E6DC0 /* FeedView.swift */ = {isa = PBXFileReference; lastKnownFileType = sourcecode.swift; path = FeedView.swift; sourceTree = "<group>"; };
		2483B7192537E3C7004E6DC0 /* PostContentView.swift */ = {isa = PBXFileReference; lastKnownFileType = sourcecode.swift; path = PostContentView.swift; sourceTree = "<group>"; };
		24949625254C843F00EBFD86 /* ActionSheetView.swift */ = {isa = PBXFileReference; lastKnownFileType = sourcecode.swift; path = ActionSheetView.swift; sourceTree = "<group>"; };
		24949628254D19FB00EBFD86 /* RefreshTokenRequestModel.swift */ = {isa = PBXFileReference; lastKnownFileType = sourcecode.swift; path = RefreshTokenRequestModel.swift; sourceTree = "<group>"; };
		249BA9D9254E73C100E4E2B3 /* CustomNavigationLinkView.swift */ = {isa = PBXFileReference; lastKnownFileType = sourcecode.swift; path = CustomNavigationLinkView.swift; sourceTree = "<group>"; };
		249BA9DC254E85BC00E4E2B3 /* UIDevice+Etx.swift */ = {isa = PBXFileReference; lastKnownFileType = sourcecode.swift; path = "UIDevice+Etx.swift"; sourceTree = "<group>"; };
		249CD7CC253A577500C516A8 /* NormalPostView.swift */ = {isa = PBXFileReference; lastKnownFileType = sourcecode.swift; path = NormalPostView.swift; sourceTree = "<group>"; };
		249CD7D4253A993500C516A8 /* SignUpRequestModel.swift */ = {isa = PBXFileReference; lastKnownFileType = sourcecode.swift; path = SignUpRequestModel.swift; sourceTree = "<group>"; };
		249CD7D8253A9A6400C516A8 /* SignInRequestModel.swift */ = {isa = PBXFileReference; lastKnownFileType = sourcecode.swift; path = SignInRequestModel.swift; sourceTree = "<group>"; };
		249CD7DF253A9ECC00C516A8 /* AuthResponseModel.swift */ = {isa = PBXFileReference; lastKnownFileType = sourcecode.swift; path = AuthResponseModel.swift; sourceTree = "<group>"; };
		249CD7E4253AA4F000C516A8 /* SecureCodeView.swift */ = {isa = PBXFileReference; lastKnownFileType = sourcecode.swift; path = SecureCodeView.swift; sourceTree = "<group>"; };
		249CD7E8253AAA1D00C516A8 /* SSTextView.swift */ = {isa = PBXFileReference; lastKnownFileType = sourcecode.swift; path = SSTextView.swift; sourceTree = "<group>"; };
		249D8AA42572CDBF00691FA7 /* ProfileViewModel.swift */ = {isa = PBXFileReference; lastKnownFileType = sourcecode.swift; path = ProfileViewModel.swift; sourceTree = "<group>"; };
		249FA37B25439F1A000453E5 /* String+Etx.swift */ = {isa = PBXFileReference; lastKnownFileType = sourcecode.swift; path = "String+Etx.swift"; sourceTree = "<group>"; };
		249FA37E2543A2D2000453E5 /* FeedViewModel.swift */ = {isa = PBXFileReference; lastKnownFileType = sourcecode.swift; path = FeedViewModel.swift; sourceTree = "<group>"; };
		249FA3852543A3B8000453E5 /* PostResponseModel.swift */ = {isa = PBXFileReference; lastKnownFileType = sourcecode.swift; path = PostResponseModel.swift; sourceTree = "<group>"; };
		249FA3892543A8BD000453E5 /* PostRequestModel.swift */ = {isa = PBXFileReference; lastKnownFileType = sourcecode.swift; path = PostRequestModel.swift; sourceTree = "<group>"; };
		24A06D2E2579A36B006F4770 /* TopicPostView.swift */ = {isa = PBXFileReference; fileEncoding = 4; lastKnownFileType = sourcecode.swift; path = TopicPostView.swift; sourceTree = "<group>"; };
		24A79997253E29B400CC83D1 /* MainRoute.swift */ = {isa = PBXFileReference; lastKnownFileType = sourcecode.swift; path = MainRoute.swift; sourceTree = "<group>"; };
		24A7999C253E2A7900CC83D1 /* AuthViewModel.swift */ = {isa = PBXFileReference; lastKnownFileType = sourcecode.swift; path = AuthViewModel.swift; sourceTree = "<group>"; };
		24A799A0253E871100CC83D1 /* AnimationCompletionObserverModifier.swift */ = {isa = PBXFileReference; lastKnownFileType = sourcecode.swift; path = AnimationCompletionObserverModifier.swift; sourceTree = "<group>"; };
		24BF8C7D254B20CA004AD158 /* PostViewModel.swift */ = {isa = PBXFileReference; lastKnownFileType = sourcecode.swift; path = PostViewModel.swift; sourceTree = "<group>"; };
		24BF8C80254B6700004AD158 /* PostContextMenu.swift */ = {isa = PBXFileReference; lastKnownFileType = sourcecode.swift; path = PostContextMenu.swift; sourceTree = "<group>"; };
		24BF8C86254BBA1B004AD158 /* SelectedPostView.swift */ = {isa = PBXFileReference; lastKnownFileType = sourcecode.swift; path = SelectedPostView.swift; sourceTree = "<group>"; };
		24EAAD362547440E00479152 /* CreatePostView.swift */ = {isa = PBXFileReference; lastKnownFileType = sourcecode.swift; path = CreatePostView.swift; sourceTree = "<group>"; };
		24EAAD8D2547783C00479152 /* SSMarkDownView.swift */ = {isa = PBXFileReference; lastKnownFileType = sourcecode.swift; path = SSMarkDownView.swift; sourceTree = "<group>"; };
/* End PBXFileReference section */

/* Begin PBXFrameworksBuildPhase section */
		244D93E325366C4800664444 /* Frameworks */ = {
			isa = PBXFrameworksBuildPhase;
			buildActionMask = 2147483647;
			files = (
				24EAADA62547BECF00479152 /* TextView in Frameworks */,
				24C11A5E254689C700B5B362 /* iTextField in Frameworks */,
				24F95CFC254FC1AF00D1800B /* Introspect in Frameworks */,
				24A79969253E197E00CC83D1 /* SwiftKeychainWrapper in Frameworks */,
				24EAAD9225477FA700479152 /* SwiftyMarkdown in Frameworks */,
			);
			runOnlyForDeploymentPostprocessing = 0;
		};
/* End PBXFrameworksBuildPhase section */

/* Begin PBXGroup section */
		24087D78253D3CBF0079D83E /* ViewModels */ = {
			isa = PBXGroup;
			children = (
				24A7999C253E2A7900CC83D1 /* AuthViewModel.swift */,
				249FA37E2543A2D2000453E5 /* FeedViewModel.swift */,
				24BF8C7D254B20CA004AD158 /* PostViewModel.swift */,
				249D8AA42572CDBF00691FA7 /* ProfileViewModel.swift */,
			);
			path = ViewModels;
			sourceTree = "<group>";
		};
		241324B425409B5400CFCD32 /* Errors */ = {
			isa = PBXGroup;
			children = (
				241324B525409B6300CFCD32 /* NetworkError.swift */,
			);
			path = Errors;
			sourceTree = "<group>";
		};
		24191BFC2553CD7E0061682B /* Protocols */ = {
			isa = PBXGroup;
			children = (
				24191BF32553C11A0061682B /* BaseNetworkProtocol.swift */,
			);
			path = Protocols;
			sourceTree = "<group>";
		};
		2425B98C253A56490003878B /* Post */ = {
			isa = PBXGroup;
			children = (
				24A06D352579A3DD006F4770 /* CreatePost */,
				24A06D2C2579A346006F4770 /* PostContent */,
				24A06D332579A3A3006F4770 /* SelectedPost */,
				24BF8C80254B6700004AD158 /* PostContextMenu.swift */,
				24949625254C843F00EBFD86 /* ActionSheetView.swift */,
			);
			path = Post;
			sourceTree = "<group>";
		};
		2430BC682537843000506696 /* Onboarding */ = {
			isa = PBXGroup;
			children = (
				244D93FF25366D8F00664444 /* SignInView.swift */,
				244EDB8C25378501006DB2F1 /* SignUpView.swift */,
				249CD7E4253AA4F000C516A8 /* SecureCodeView.swift */,
			);
			path = Onboarding;
			sourceTree = "<group>";
		};
		24358A072544D7DC00C62EB2 /* Networking */ = {
			isa = PBXGroup;
			children = (
				247B49AB2571FBB700890AE6 /* Network.swift */,
				2405471B25781E0800791BB9 /* AuthNetwork.swift */,
				247B49AE2571FD2600890AE6 /* FeedNetwork.swift */,
				247B49B22571FD9200890AE6 /* PostNetwork.swift */,
				24191BFC2553CD7E0061682B /* Protocols */,
			);
			path = Networking;
			sourceTree = "<group>";
		};
		2447EA1625524ACE0097D8A9 /* Request */ = {
			isa = PBXGroup;
			children = (
				249CD7D4253A993500C516A8 /* SignUpRequestModel.swift */,
				249CD7D8253A9A6400C516A8 /* SignInRequestModel.swift */,
				24949628254D19FB00EBFD86 /* RefreshTokenRequestModel.swift */,
				249FA3892543A8BD000453E5 /* PostRequestModel.swift */,
				2447EA1A2552666B0097D8A9 /* AuthRequestTokenModel.swift */,
				240547212578290100791BB9 /* VerificationCodeModel.swift */,
			);
			path = Request;
			sourceTree = "<group>";
		};
		2447EA1825524AE80097D8A9 /* Response */ = {
			isa = PBXGroup;
			children = (
				243C9A922572C6B400DAEA35 /* UserProfileFeedResponseModel.swift */,
				24459DF1255A02AF005455CE /* UserProfileResponseModel.swift */,
				249FA3852543A3B8000453E5 /* PostResponseModel.swift */,
				249CD7DF253A9ECC00C516A8 /* AuthResponseModel.swift */,
				241324B1254085BE00CFCD32 /* NetworkResponseError.swift */,
			);
			path = Response;
			sourceTree = "<group>";
		};
		244D93DD25366C4800664444 = {
			isa = PBXGroup;
			children = (
				244D93E825366C4800664444 /* Social Setting */,
				244D93E725366C4800664444 /* Products */,
			);
			sourceTree = "<group>";
		};
		244D93E725366C4800664444 /* Products */ = {
			isa = PBXGroup;
			children = (
				244D93E625366C4800664444 /* Social Setting.app */,
			);
			name = Products;
			sourceTree = "<group>";
		};
		244D93E825366C4800664444 /* Social Setting */ = {
			isa = PBXGroup;
			children = (
				249CD7D3253A98E400C516A8 /* Models */,
				24358A072544D7DC00C62EB2 /* Networking */,
				244D93FE25366D7300664444 /* Views */,
				24087D78253D3CBF0079D83E /* ViewModels */,
				244D9409253676B200664444 /* Utils */,
				241324B425409B5400CFCD32 /* Errors */,
				244D93ED25366C4800664444 /* Assets.xcassets */,
				24A79997253E29B400CC83D1 /* MainRoute.swift */,
				244D93E925366C4800664444 /* Social_SettingApp.swift */,
				244D93F225366C4800664444 /* Persistence.swift */,
				244D93F725366C4800664444 /* Info.plist */,
				244D93F425366C4800664444 /* Social_Setting.xcdatamodeld */,
				244D93EF25366C4800664444 /* Preview Content */,
			);
			path = "Social Setting";
			sourceTree = "<group>";
		};
		244D93EF25366C4800664444 /* Preview Content */ = {
			isa = PBXGroup;
			children = (
				244D93F025366C4800664444 /* Preview Assets.xcassets */,
			);
			path = "Preview Content";
			sourceTree = "<group>";
		};
		244D93FE25366D7300664444 /* Views */ = {
			isa = PBXGroup;
			children = (
				249CD7E7253AA9B700C516A8 /* Misc */,
				2468FDF225380A4F00E6DEC7 /* SearchBar */,
				2430BC682537843000506696 /* Onboarding */,
				2483B7142537C29F004E6DC0 /* Feed */,
				2425B98C253A56490003878B /* Post */,
				24CEB8C9253B611D0021FA4A /* Profile */,
				243C863B253932F400C79654 /* MainTabView.swift */,
			);
			path = Views;
			sourceTree = "<group>";
		};
		244D9409253676B200664444 /* Utils */ = {
			isa = PBXGroup;
			children = (
				244D940A253676BE00664444 /* BindingProvider.swift */,
				24A799A0253E871100CC83D1 /* AnimationCompletionObserverModifier.swift */,
				244D940625366FB500664444 /* Color+Theme.swift */,
				2430BC65253783DC00506696 /* DismissingKeyboard.swift */,
				2468FDEB2538056E00E6DEC7 /* HideRowSeparatorModifier.swift */,
				249FA37B25439F1A000453E5 /* String+Etx.swift */,
				249BA9DC254E85BC00E4E2B3 /* UIDevice+Etx.swift */,
				2447EA0D255246250097D8A9 /* DateFormatter+Etx.swift */,
				2447EA10255247BF0097D8A9 /* JSONDecoder+Etx.swift */,
				2447EA13255248510097D8A9 /* JSONEncoder+Etx.swift */,
			);
			path = Utils;
			sourceTree = "<group>";
		};
		2468FDF225380A4F00E6DEC7 /* SearchBar */ = {
			isa = PBXGroup;
			children = (
				2468FDF325380A5600E6DEC7 /* ViewControllerResolver.swift */,
				2403664D25380B780067B3E3 /* SearchBar.swift */,
				243589EB254495E700C62EB2 /* SearchControllerProviderModifier.swift */,
			);
			path = SearchBar;
			sourceTree = "<group>";
		};
		2483B7142537C29F004E6DC0 /* Feed */ = {
			isa = PBXGroup;
			children = (
				2483B7152537C3B9004E6DC0 /* FeedView.swift */,
			);
			path = Feed;
			sourceTree = "<group>";
		};
		249CD7D3253A98E400C516A8 /* Models */ = {
			isa = PBXGroup;
			children = (
				2447EA1625524ACE0097D8A9 /* Request */,
				2447EA1825524AE80097D8A9 /* Response */,
			);
			path = Models;
			sourceTree = "<group>";
		};
		249CD7E7253AA9B700C516A8 /* Misc */ = {
			isa = PBXGroup;
			children = (
				249CD7E8253AAA1D00C516A8 /* SSTextView.swift */,
				24662170253BFC1700A08CBD /* Separator.swift */,
				24087D7A253D3DE80079D83E /* ProfileImage.swift */,
				2439E3DB2536ADF30006993D /* MainNavigationLinkView.swift */,
				2430BC6225377FE300506696 /* AltNavigationLinkView.swift */,
				249BA9D9254E73C100E4E2B3 /* CustomNavigationLinkView.swift */,
				24EAAD8D2547783C00479152 /* SSMarkDownView.swift */,
			);
			path = Misc;
			sourceTree = "<group>";
		};
		24A06D2C2579A346006F4770 /* PostContent */ = {
			isa = PBXGroup;
			children = (
				2483B7192537E3C7004E6DC0 /* PostContentView.swift */,
				249CD7CC253A577500C516A8 /* NormalPostView.swift */,
				24A06D2E2579A36B006F4770 /* TopicPostView.swift */,
			);
			path = PostContent;
			sourceTree = "<group>";
		};
		24A06D332579A3A3006F4770 /* SelectedPost */ = {
			isa = PBXGroup;
			children = (
				24BF8C86254BBA1B004AD158 /* SelectedPostView.swift */,
			);
			path = SelectedPost;
			sourceTree = "<group>";
		};
		24A06D352579A3DD006F4770 /* CreatePost */ = {
			isa = PBXGroup;
			children = (
				24EAAD362547440E00479152 /* CreatePostView.swift */,
			);
			path = CreatePost;
			sourceTree = "<group>";
		};
		24CEB8C9253B611D0021FA4A /* Profile */ = {
			isa = PBXGroup;
			children = (
				244239B62555073B0031B0C8 /* ProfileView.swift */,
			);
			path = Profile;
			sourceTree = "<group>";
		};
/* End PBXGroup section */

/* Begin PBXNativeTarget section */
		244D93E525366C4800664444 /* Social Setting */ = {
			isa = PBXNativeTarget;
			buildConfigurationList = 244D93FA25366C4800664444 /* Build configuration list for PBXNativeTarget "Social Setting" */;
			buildPhases = (
				244D93E225366C4800664444 /* Sources */,
				244D93E325366C4800664444 /* Frameworks */,
				244D93E425366C4800664444 /* Resources */,
			);
			buildRules = (
			);
			dependencies = (
			);
			name = "Social Setting";
			packageProductDependencies = (
				24A79968253E197E00CC83D1 /* SwiftKeychainWrapper */,
				24C11A5D254689C700B5B362 /* iTextField */,
				24EAAD9125477FA700479152 /* SwiftyMarkdown */,
				24EAADA52547BECF00479152 /* TextView */,
				24F95CFB254FC1AF00D1800B /* Introspect */,
			);
			productName = "Social Setting";
			productReference = 244D93E625366C4800664444 /* Social Setting.app */;
			productType = "com.apple.product-type.application";
		};
/* End PBXNativeTarget section */

/* Begin PBXProject section */
		244D93DE25366C4800664444 /* Project object */ = {
			isa = PBXProject;
			attributes = {
				LastSwiftUpdateCheck = 1200;
				LastUpgradeCheck = 1200;
				TargetAttributes = {
					244D93E525366C4800664444 = {
						CreatedOnToolsVersion = 12.0.1;
					};
				};
			};
			buildConfigurationList = 244D93E125366C4800664444 /* Build configuration list for PBXProject "Social Setting" */;
			compatibilityVersion = "Xcode 9.3";
			developmentRegion = en;
			hasScannedForEncodings = 0;
			knownRegions = (
				en,
				Base,
			);
			mainGroup = 244D93DD25366C4800664444;
			packageReferences = (
				24A79967253E197E00CC83D1 /* XCRemoteSwiftPackageReference "SwiftKeychainWrapper" */,
				24C11A5C254689C700B5B362 /* XCRemoteSwiftPackageReference "iTextField" */,
				24EAAD9025477FA700479152 /* XCRemoteSwiftPackageReference "SwiftyMarkdown" */,
				24EAADA42547BECF00479152 /* XCRemoteSwiftPackageReference "TextView" */,
				24F95CFA254FC1AF00D1800B /* XCRemoteSwiftPackageReference "SwiftUI-Introspect" */,
			);
			productRefGroup = 244D93E725366C4800664444 /* Products */;
			projectDirPath = "";
			projectRoot = "";
			targets = (
				244D93E525366C4800664444 /* Social Setting */,
			);
		};
/* End PBXProject section */

/* Begin PBXResourcesBuildPhase section */
		244D93E425366C4800664444 /* Resources */ = {
			isa = PBXResourcesBuildPhase;
			buildActionMask = 2147483647;
			files = (
				244D93F125366C4800664444 /* Preview Assets.xcassets in Resources */,
				244D93EE25366C4800664444 /* Assets.xcassets in Resources */,
			);
			runOnlyForDeploymentPostprocessing = 0;
		};
/* End PBXResourcesBuildPhase section */

/* Begin PBXSourcesBuildPhase section */
		244D93E225366C4800664444 /* Sources */ = {
			isa = PBXSourcesBuildPhase;
			buildActionMask = 2147483647;
			files = (
				241324B625409B6300CFCD32 /* NetworkError.swift in Sources */,
				24BF8C7E254B20CA004AD158 /* PostViewModel.swift in Sources */,
				2430BC6325377FE300506696 /* AltNavigationLinkView.swift in Sources */,
				24949626254C843F00EBFD86 /* ActionSheetView.swift in Sources */,
				243C9A932572C6B400DAEA35 /* UserProfileFeedResponseModel.swift in Sources */,
				24191BF42553C11A0061682B /* BaseNetworkProtocol.swift in Sources */,
				249D8AA52572CDBF00691FA7 /* ProfileViewModel.swift in Sources */,
				2468FDF425380A5600E6DEC7 /* ViewControllerResolver.swift in Sources */,
				2403664E25380B780067B3E3 /* SearchBar.swift in Sources */,
				240547222578290100791BB9 /* VerificationCodeModel.swift in Sources */,
				243589EC254495E700C62EB2 /* SearchControllerProviderModifier.swift in Sources */,
				249BA9DA254E73C100E4E2B3 /* CustomNavigationLinkView.swift in Sources */,
				24087D7B253D3DE80079D83E /* ProfileImage.swift in Sources */,
				243C863C253932F400C79654 /* MainTabView.swift in Sources */,
				249CD7E5253AA4F000C516A8 /* SecureCodeView.swift in Sources */,
				2405471C25781E0800791BB9 /* AuthNetwork.swift in Sources */,
				249CD7D5253A993500C516A8 /* SignUpRequestModel.swift in Sources */,
				249FA38A2543A8BD000453E5 /* PostRequestModel.swift in Sources */,
				2447EA14255248510097D8A9 /* JSONEncoder+Etx.swift in Sources */,
				2447EA0E255246250097D8A9 /* DateFormatter+Etx.swift in Sources */,
				249CD7CD253A577500C516A8 /* NormalPostView.swift in Sources */,
				2447EA11255247BF0097D8A9 /* JSONDecoder+Etx.swift in Sources */,
				247B49AF2571FD2600890AE6 /* FeedNetwork.swift in Sources */,
				24459DF2255A02AF005455CE /* UserProfileResponseModel.swift in Sources */,
				244D940725366FB500664444 /* Color+Theme.swift in Sources */,
				2439E3DC2536ADF30006993D /* MainNavigationLinkView.swift in Sources */,
				2483B71A2537E3C7004E6DC0 /* PostContentView.swift in Sources */,
				24949629254D19FB00EBFD86 /* RefreshTokenRequestModel.swift in Sources */,
				249CD7E0253A9ECC00C516A8 /* AuthResponseModel.swift in Sources */,
				247B49AC2571FBB700890AE6 /* Network.swift in Sources */,
				249CD7E9253AAA1D00C516A8 /* SSTextView.swift in Sources */,
				249CD7D9253A9A6400C516A8 /* SignInRequestModel.swift in Sources */,
				24EAAD372547440E00479152 /* CreatePostView.swift in Sources */,
				2430BC66253783DC00506696 /* DismissingKeyboard.swift in Sources */,
				249FA37C25439F1A000453E5 /* String+Etx.swift in Sources */,
				2483B7162537C3B9004E6DC0 /* FeedView.swift in Sources */,
				244D93F325366C4800664444 /* Persistence.swift in Sources */,
				244D93EA25366C4800664444 /* Social_SettingApp.swift in Sources */,
				2468FDEC2538056E00E6DEC7 /* HideRowSeparatorModifier.swift in Sources */,
				249FA37F2543A2D2000453E5 /* FeedViewModel.swift in Sources */,
				241324B2254085BE00CFCD32 /* NetworkResponseError.swift in Sources */,
				24A06D2F2579A36B006F4770 /* TopicPostView.swift in Sources */,
				244D93F625366C4800664444 /* Social_Setting.xcdatamodeld in Sources */,
				24A799A1253E871100CC83D1 /* AnimationCompletionObserverModifier.swift in Sources */,
				24BF8C87254BBA1C004AD158 /* SelectedPostView.swift in Sources */,
				244239B72555073B0031B0C8 /* ProfileView.swift in Sources */,
				244D940B253676BE00664444 /* BindingProvider.swift in Sources */,
				24BF8C81254B6700004AD158 /* PostContextMenu.swift in Sources */,
				24662171253BFC1700A08CBD /* Separator.swift in Sources */,
				247B49B32571FD9200890AE6 /* PostNetwork.swift in Sources */,
				249FA3862543A3B8000453E5 /* PostResponseModel.swift in Sources */,
				24EAAD8E2547783C00479152 /* SSMarkDownView.swift in Sources */,
				24A7999D253E2A7900CC83D1 /* AuthViewModel.swift in Sources */,
				2447EA1B2552666B0097D8A9 /* AuthRequestTokenModel.swift in Sources */,
				244D940025366D8F00664444 /* SignInView.swift in Sources */,
				249BA9DD254E85BC00E4E2B3 /* UIDevice+Etx.swift in Sources */,
				24A79998253E29B400CC83D1 /* MainRoute.swift in Sources */,
				244EDB8D25378501006DB2F1 /* SignUpView.swift in Sources */,
			);
			runOnlyForDeploymentPostprocessing = 0;
		};
/* End PBXSourcesBuildPhase section */

/* Begin XCBuildConfiguration section */
		244D93F825366C4800664444 /* Debug */ = {
			isa = XCBuildConfiguration;
			buildSettings = {
				ALWAYS_SEARCH_USER_PATHS = NO;
				CLANG_ANALYZER_NONNULL = YES;
				CLANG_ANALYZER_NUMBER_OBJECT_CONVERSION = YES_AGGRESSIVE;
				CLANG_CXX_LANGUAGE_STANDARD = "gnu++14";
				CLANG_CXX_LIBRARY = "libc++";
				CLANG_ENABLE_MODULES = YES;
				CLANG_ENABLE_OBJC_ARC = YES;
				CLANG_ENABLE_OBJC_WEAK = YES;
				CLANG_WARN_BLOCK_CAPTURE_AUTORELEASING = YES;
				CLANG_WARN_BOOL_CONVERSION = YES;
				CLANG_WARN_COMMA = YES;
				CLANG_WARN_CONSTANT_CONVERSION = YES;
				CLANG_WARN_DEPRECATED_OBJC_IMPLEMENTATIONS = YES;
				CLANG_WARN_DIRECT_OBJC_ISA_USAGE = YES_ERROR;
				CLANG_WARN_DOCUMENTATION_COMMENTS = YES;
				CLANG_WARN_EMPTY_BODY = YES;
				CLANG_WARN_ENUM_CONVERSION = YES;
				CLANG_WARN_INFINITE_RECURSION = YES;
				CLANG_WARN_INT_CONVERSION = YES;
				CLANG_WARN_NON_LITERAL_NULL_CONVERSION = YES;
				CLANG_WARN_OBJC_IMPLICIT_RETAIN_SELF = YES;
				CLANG_WARN_OBJC_LITERAL_CONVERSION = YES;
				CLANG_WARN_OBJC_ROOT_CLASS = YES_ERROR;
				CLANG_WARN_QUOTED_INCLUDE_IN_FRAMEWORK_HEADER = YES;
				CLANG_WARN_RANGE_LOOP_ANALYSIS = YES;
				CLANG_WARN_STRICT_PROTOTYPES = YES;
				CLANG_WARN_SUSPICIOUS_MOVE = YES;
				CLANG_WARN_UNGUARDED_AVAILABILITY = YES_AGGRESSIVE;
				CLANG_WARN_UNREACHABLE_CODE = YES;
				CLANG_WARN__DUPLICATE_METHOD_MATCH = YES;
				COPY_PHASE_STRIP = NO;
				DEBUG_INFORMATION_FORMAT = dwarf;
				ENABLE_STRICT_OBJC_MSGSEND = YES;
				ENABLE_TESTABILITY = YES;
				GCC_C_LANGUAGE_STANDARD = gnu11;
				GCC_DYNAMIC_NO_PIC = NO;
				GCC_NO_COMMON_BLOCKS = YES;
				GCC_OPTIMIZATION_LEVEL = 0;
				GCC_PREPROCESSOR_DEFINITIONS = (
					"DEBUG=1",
					"$(inherited)",
				);
				GCC_WARN_64_TO_32_BIT_CONVERSION = YES;
				GCC_WARN_ABOUT_RETURN_TYPE = YES_ERROR;
				GCC_WARN_UNDECLARED_SELECTOR = YES;
				GCC_WARN_UNINITIALIZED_AUTOS = YES_AGGRESSIVE;
				GCC_WARN_UNUSED_FUNCTION = YES;
				GCC_WARN_UNUSED_VARIABLE = YES;
				IPHONEOS_DEPLOYMENT_TARGET = 14.0;
				MTL_ENABLE_DEBUG_INFO = INCLUDE_SOURCE;
				MTL_FAST_MATH = YES;
				ONLY_ACTIVE_ARCH = YES;
				SDKROOT = iphoneos;
				SWIFT_ACTIVE_COMPILATION_CONDITIONS = DEBUG;
				SWIFT_OPTIMIZATION_LEVEL = "-Onone";
			};
			name = Debug;
		};
		244D93F925366C4800664444 /* Release */ = {
			isa = XCBuildConfiguration;
			buildSettings = {
				ALWAYS_SEARCH_USER_PATHS = NO;
				CLANG_ANALYZER_NONNULL = YES;
				CLANG_ANALYZER_NUMBER_OBJECT_CONVERSION = YES_AGGRESSIVE;
				CLANG_CXX_LANGUAGE_STANDARD = "gnu++14";
				CLANG_CXX_LIBRARY = "libc++";
				CLANG_ENABLE_MODULES = YES;
				CLANG_ENABLE_OBJC_ARC = YES;
				CLANG_ENABLE_OBJC_WEAK = YES;
				CLANG_WARN_BLOCK_CAPTURE_AUTORELEASING = YES;
				CLANG_WARN_BOOL_CONVERSION = YES;
				CLANG_WARN_COMMA = YES;
				CLANG_WARN_CONSTANT_CONVERSION = YES;
				CLANG_WARN_DEPRECATED_OBJC_IMPLEMENTATIONS = YES;
				CLANG_WARN_DIRECT_OBJC_ISA_USAGE = YES_ERROR;
				CLANG_WARN_DOCUMENTATION_COMMENTS = YES;
				CLANG_WARN_EMPTY_BODY = YES;
				CLANG_WARN_ENUM_CONVERSION = YES;
				CLANG_WARN_INFINITE_RECURSION = YES;
				CLANG_WARN_INT_CONVERSION = YES;
				CLANG_WARN_NON_LITERAL_NULL_CONVERSION = YES;
				CLANG_WARN_OBJC_IMPLICIT_RETAIN_SELF = YES;
				CLANG_WARN_OBJC_LITERAL_CONVERSION = YES;
				CLANG_WARN_OBJC_ROOT_CLASS = YES_ERROR;
				CLANG_WARN_QUOTED_INCLUDE_IN_FRAMEWORK_HEADER = YES;
				CLANG_WARN_RANGE_LOOP_ANALYSIS = YES;
				CLANG_WARN_STRICT_PROTOTYPES = YES;
				CLANG_WARN_SUSPICIOUS_MOVE = YES;
				CLANG_WARN_UNGUARDED_AVAILABILITY = YES_AGGRESSIVE;
				CLANG_WARN_UNREACHABLE_CODE = YES;
				CLANG_WARN__DUPLICATE_METHOD_MATCH = YES;
				COPY_PHASE_STRIP = NO;
				DEBUG_INFORMATION_FORMAT = "dwarf-with-dsym";
				ENABLE_NS_ASSERTIONS = NO;
				ENABLE_STRICT_OBJC_MSGSEND = YES;
				GCC_C_LANGUAGE_STANDARD = gnu11;
				GCC_NO_COMMON_BLOCKS = YES;
				GCC_WARN_64_TO_32_BIT_CONVERSION = YES;
				GCC_WARN_ABOUT_RETURN_TYPE = YES_ERROR;
				GCC_WARN_UNDECLARED_SELECTOR = YES;
				GCC_WARN_UNINITIALIZED_AUTOS = YES_AGGRESSIVE;
				GCC_WARN_UNUSED_FUNCTION = YES;
				GCC_WARN_UNUSED_VARIABLE = YES;
				IPHONEOS_DEPLOYMENT_TARGET = 14.0;
				MTL_ENABLE_DEBUG_INFO = NO;
				MTL_FAST_MATH = YES;
				SDKROOT = iphoneos;
				SWIFT_COMPILATION_MODE = wholemodule;
				SWIFT_OPTIMIZATION_LEVEL = "-O";
				VALIDATE_PRODUCT = YES;
			};
			name = Release;
		};
		244D93FB25366C4800664444 /* Debug */ = {
			isa = XCBuildConfiguration;
			buildSettings = {
				ASSETCATALOG_COMPILER_APPICON_NAME = AppIcon;
				ASSETCATALOG_COMPILER_GLOBAL_ACCENT_COLOR_NAME = AccentColor;
				CODE_SIGN_STYLE = Automatic;
				DEVELOPMENT_ASSET_PATHS = "\"Social Setting/Preview Content\"";
				DEVELOPMENT_TEAM = MBQ2JLQD83;
				ENABLE_PREVIEWS = YES;
				INFOPLIST_FILE = "Social Setting/Info.plist";
				IPHONEOS_DEPLOYMENT_TARGET = 14.0;
				LD_RUNPATH_SEARCH_PATHS = (
					"$(inherited)",
					"@executable_path/Frameworks",
				);
				PRODUCT_BUNDLE_IDENTIFIER = "com.mettaworldj.Social-Setting";
				PRODUCT_NAME = "$(TARGET_NAME)";
				SWIFT_VERSION = 5.0;
				TARGETED_DEVICE_FAMILY = "1,2";
			};
			name = Debug;
		};
		244D93FC25366C4800664444 /* Release */ = {
			isa = XCBuildConfiguration;
			buildSettings = {
				ASSETCATALOG_COMPILER_APPICON_NAME = AppIcon;
				ASSETCATALOG_COMPILER_GLOBAL_ACCENT_COLOR_NAME = AccentColor;
				CODE_SIGN_STYLE = Automatic;
				DEVELOPMENT_ASSET_PATHS = "\"Social Setting/Preview Content\"";
				DEVELOPMENT_TEAM = MBQ2JLQD83;
				ENABLE_PREVIEWS = YES;
				INFOPLIST_FILE = "Social Setting/Info.plist";
				IPHONEOS_DEPLOYMENT_TARGET = 14.0;
				LD_RUNPATH_SEARCH_PATHS = (
					"$(inherited)",
					"@executable_path/Frameworks",
				);
				PRODUCT_BUNDLE_IDENTIFIER = "com.mettaworldj.Social-Setting";
				PRODUCT_NAME = "$(TARGET_NAME)";
				SWIFT_VERSION = 5.0;
				TARGETED_DEVICE_FAMILY = "1,2";
			};
			name = Release;
		};
/* End XCBuildConfiguration section */

/* Begin XCConfigurationList section */
		244D93E125366C4800664444 /* Build configuration list for PBXProject "Social Setting" */ = {
			isa = XCConfigurationList;
			buildConfigurations = (
				244D93F825366C4800664444 /* Debug */,
				244D93F925366C4800664444 /* Release */,
			);
			defaultConfigurationIsVisible = 0;
			defaultConfigurationName = Release;
		};
		244D93FA25366C4800664444 /* Build configuration list for PBXNativeTarget "Social Setting" */ = {
			isa = XCConfigurationList;
			buildConfigurations = (
				244D93FB25366C4800664444 /* Debug */,
				244D93FC25366C4800664444 /* Release */,
			);
			defaultConfigurationIsVisible = 0;
			defaultConfigurationName = Release;
		};
/* End XCConfigurationList section */

/* Begin XCRemoteSwiftPackageReference section */
		24A79967253E197E00CC83D1 /* XCRemoteSwiftPackageReference "SwiftKeychainWrapper" */ = {
			isa = XCRemoteSwiftPackageReference;
			repositoryURL = "https://github.com/jrendel/SwiftKeychainWrapper";
			requirement = {
				kind = upToNextMajorVersion;
				minimumVersion = 4.0.1;
			};
		};
		24C11A5C254689C700B5B362 /* XCRemoteSwiftPackageReference "iTextField" */ = {
			isa = XCRemoteSwiftPackageReference;
			repositoryURL = "https://github.com/benjaminsage/iTextField.git";
			requirement = {
				kind = upToNextMajorVersion;
				minimumVersion = 0.0.3;
			};
		};
		24EAAD9025477FA700479152 /* XCRemoteSwiftPackageReference "SwiftyMarkdown" */ = {
			isa = XCRemoteSwiftPackageReference;
			repositoryURL = "https://github.com/SimonFairbairn/SwiftyMarkdown.git";
			requirement = {
				kind = upToNextMajorVersion;
				minimumVersion = 1.2.3;
			};
		};
		24EAADA42547BECF00479152 /* XCRemoteSwiftPackageReference "TextView" */ = {
			isa = XCRemoteSwiftPackageReference;
			repositoryURL = "https://github.com/kenmueller/TextView.git";
			requirement = {
				kind = upToNextMajorVersion;
				minimumVersion = 1.4.8;
			};
		};
		24F95CFA254FC1AF00D1800B /* XCRemoteSwiftPackageReference "SwiftUI-Introspect" */ = {
			isa = XCRemoteSwiftPackageReference;
			repositoryURL = "https://github.com/siteline/SwiftUI-Introspect.git";
			requirement = {
				kind = upToNextMajorVersion;
				minimumVersion = 0.1.1;
			};
		};
/* End XCRemoteSwiftPackageReference section */

/* Begin XCSwiftPackageProductDependency section */
		24A79968253E197E00CC83D1 /* SwiftKeychainWrapper */ = {
			isa = XCSwiftPackageProductDependency;
			package = 24A79967253E197E00CC83D1 /* XCRemoteSwiftPackageReference "SwiftKeychainWrapper" */;
			productName = SwiftKeychainWrapper;
		};
		24C11A5D254689C700B5B362 /* iTextField */ = {
			isa = XCSwiftPackageProductDependency;
			package = 24C11A5C254689C700B5B362 /* XCRemoteSwiftPackageReference "iTextField" */;
			productName = iTextField;
		};
		24EAAD9125477FA700479152 /* SwiftyMarkdown */ = {
			isa = XCSwiftPackageProductDependency;
			package = 24EAAD9025477FA700479152 /* XCRemoteSwiftPackageReference "SwiftyMarkdown" */;
			productName = SwiftyMarkdown;
		};
		24EAADA52547BECF00479152 /* TextView */ = {
			isa = XCSwiftPackageProductDependency;
			package = 24EAADA42547BECF00479152 /* XCRemoteSwiftPackageReference "TextView" */;
			productName = TextView;
		};
		24F95CFB254FC1AF00D1800B /* Introspect */ = {
			isa = XCSwiftPackageProductDependency;
			package = 24F95CFA254FC1AF00D1800B /* XCRemoteSwiftPackageReference "SwiftUI-Introspect" */;
			productName = Introspect;
		};
/* End XCSwiftPackageProductDependency section */

/* Begin XCVersionGroup section */
		244D93F425366C4800664444 /* Social_Setting.xcdatamodeld */ = {
			isa = XCVersionGroup;
			children = (
				244D93F525366C4800664444 /* Social_Setting.xcdatamodel */,
			);
			currentVersion = 244D93F525366C4800664444 /* Social_Setting.xcdatamodel */;
			path = Social_Setting.xcdatamodeld;
			sourceTree = "<group>";
			versionGroupType = wrapper.xcdatamodel;
		};
/* End XCVersionGroup section */
	};
	rootObject = 244D93DE25366C4800664444 /* Project object */;
}
